// !$*UTF8*$!
{
	archiveVersion = 1;
	classes = {
	};
	objectVersion = 46;
	objects = {

/* Begin PBXBuildFile section */
		8505AB8A15E600E000DC1B69 /* NLYoutubeSearchViewController.m in Sources */ = {isa = PBXBuildFile; fileRef = 8505AB8915E600E000DC1B69 /* NLYoutubeSearchViewController.m */; };
		8505AB8D15E61A2200DC1B69 /* NLYoutubeResultsViewController.m in Sources */ = {isa = PBXBuildFile; fileRef = 8505AB8C15E61A2200DC1B69 /* NLYoutubeResultsViewController.m */; };
		853B2AF0160180C0005D1659 /* Default-568h@2x.png in Resources */ = {isa = PBXBuildFile; fileRef = 853B2AEF160180C0005D1659 /* Default-568h@2x.png */; };
		853B2AF216018419005D1659 /* libfacebook_ios_sdk.a in Frameworks */ = {isa = PBXBuildFile; fileRef = 85D9419715BB987A009EF609 /* libfacebook_ios_sdk.a */; };
		853FEB1815BB8561002A1EB5 /* UIKit.framework in Frameworks */ = {isa = PBXBuildFile; fileRef = 853FEB1715BB8561002A1EB5 /* UIKit.framework */; };
		853FEB1A15BB8561002A1EB5 /* Foundation.framework in Frameworks */ = {isa = PBXBuildFile; fileRef = 853FEB1915BB8561002A1EB5 /* Foundation.framework */; };
		853FEB1C15BB8561002A1EB5 /* CoreGraphics.framework in Frameworks */ = {isa = PBXBuildFile; fileRef = 853FEB1B15BB8561002A1EB5 /* CoreGraphics.framework */; };
		853FEB2215BB8561002A1EB5 /* InfoPlist.strings in Resources */ = {isa = PBXBuildFile; fileRef = 853FEB2015BB8561002A1EB5 /* InfoPlist.strings */; };
		853FEB2415BB8561002A1EB5 /* main.m in Sources */ = {isa = PBXBuildFile; fileRef = 853FEB2315BB8561002A1EB5 /* main.m */; };
		853FEB2815BB8561002A1EB5 /* NLAppDelegate.m in Sources */ = {isa = PBXBuildFile; fileRef = 853FEB2715BB8561002A1EB5 /* NLAppDelegate.m */; };
		853FEB2B15BB8561002A1EB5 /* NLViewController.m in Sources */ = {isa = PBXBuildFile; fileRef = 853FEB2A15BB8561002A1EB5 /* NLViewController.m */; };
		853FEB7115BB9588002A1EB5 /* NLFacebookManager.m in Sources */ = {isa = PBXBuildFile; fileRef = 853FEB7015BB9588002A1EB5 /* NLFacebookManager.m */; };
		855774C6161BF9C80024D194 /* AVFoundation.framework in Frameworks */ = {isa = PBXBuildFile; fileRef = 855774C5161BF9C80024D194 /* AVFoundation.framework */; };
		856AF8E415BC616100529F5C /* FXImageView.m in Sources */ = {isa = PBXBuildFile; fileRef = 856AF8E115BC616100529F5C /* FXImageView.m */; };
		856AF8E515BC616100529F5C /* UIImage+FX.m in Sources */ = {isa = PBXBuildFile; fileRef = 856AF8E315BC616100529F5C /* UIImage+FX.m */; };
		856AF8E815BC7CD100529F5C /* NLFriendsDetailViewController.m in Sources */ = {isa = PBXBuildFile; fileRef = 856AF8E715BC7CD100529F5C /* NLFriendsDetailViewController.m */; };
		856AF8EB15BC8E5200529F5C /* NLYoutubeLinksFactory.m in Sources */ = {isa = PBXBuildFile; fileRef = 856AF8EA15BC8E5200529F5C /* NLYoutubeLinksFactory.m */; };
		856AF8EE15BC8EB700529F5C /* NLYoutubeVideo.m in Sources */ = {isa = PBXBuildFile; fileRef = 856AF8ED15BC8EB700529F5C /* NLYoutubeVideo.m */; };
		856AF8F515BE467C00529F5C /* NLYoutubeLinksFromFBLikesFactory.m in Sources */ = {isa = PBXBuildFile; fileRef = 856AF8F415BE467C00529F5C /* NLYoutubeLinksFromFBLikesFactory.m */; };
		856AF91215BE52A100529F5C /* NSObject+SBJson.m in Sources */ = {isa = PBXBuildFile; fileRef = 856AF8FA15BE52A100529F5C /* NSObject+SBJson.m */; };
		856AF91315BE52A100529F5C /* SBJsonParser.m in Sources */ = {isa = PBXBuildFile; fileRef = 856AF8FD15BE52A100529F5C /* SBJsonParser.m */; };
		856AF91415BE52A100529F5C /* SBJsonStreamParser.m in Sources */ = {isa = PBXBuildFile; fileRef = 856AF8FF15BE52A100529F5C /* SBJsonStreamParser.m */; };
		856AF91515BE52A100529F5C /* SBJsonStreamParserAccumulator.m in Sources */ = {isa = PBXBuildFile; fileRef = 856AF90115BE52A100529F5C /* SBJsonStreamParserAccumulator.m */; };
		856AF91615BE52A100529F5C /* SBJsonStreamParserAdapter.m in Sources */ = {isa = PBXBuildFile; fileRef = 856AF90315BE52A100529F5C /* SBJsonStreamParserAdapter.m */; };
		856AF91715BE52A100529F5C /* SBJsonStreamParserState.m in Sources */ = {isa = PBXBuildFile; fileRef = 856AF90515BE52A100529F5C /* SBJsonStreamParserState.m */; };
		856AF91815BE52A100529F5C /* SBJsonStreamWriter.m in Sources */ = {isa = PBXBuildFile; fileRef = 856AF90715BE52A100529F5C /* SBJsonStreamWriter.m */; };
		856AF91915BE52A100529F5C /* SBJsonStreamWriterAccumulator.m in Sources */ = {isa = PBXBuildFile; fileRef = 856AF90915BE52A100529F5C /* SBJsonStreamWriterAccumulator.m */; };
		856AF91A15BE52A100529F5C /* SBJsonStreamWriterState.m in Sources */ = {isa = PBXBuildFile; fileRef = 856AF90B15BE52A100529F5C /* SBJsonStreamWriterState.m */; };
		856AF91B15BE52A100529F5C /* SBJsonTokeniser.m in Sources */ = {isa = PBXBuildFile; fileRef = 856AF90D15BE52A100529F5C /* SBJsonTokeniser.m */; };
		856AF91C15BE52A100529F5C /* SBJsonUTF8Stream.m in Sources */ = {isa = PBXBuildFile; fileRef = 856AF90F15BE52A100529F5C /* SBJsonUTF8Stream.m */; };
		856AF91D15BE52A100529F5C /* SBJsonWriter.m in Sources */ = {isa = PBXBuildFile; fileRef = 856AF91115BE52A100529F5C /* SBJsonWriter.m */; };
		856AF92015BE650400529F5C /* NLURLConnectionManager.m in Sources */ = {isa = PBXBuildFile; fileRef = 856AF91F15BE650400529F5C /* NLURLConnectionManager.m */; };
		856AF96515C0C59400529F5C /* NLPlaylistBarViewController.m in Sources */ = {isa = PBXBuildFile; fileRef = 856AF96415C0C59400529F5C /* NLPlaylistBarViewController.m */; };
		858DE28116040D540061EE87 /* splash-568h@2x.png in Resources */ = {isa = PBXBuildFile; fileRef = 858DE28016040D540061EE87 /* splash-568h@2x.png */; };
		8595692815E9C179005A89F3 /* NLControllerChooserViewController.m in Sources */ = {isa = PBXBuildFile; fileRef = 8595692715E9C179005A89F3 /* NLControllerChooserViewController.m */; };
		85B55CA515CA36FD00C17639 /* NLPlaylist.m in Sources */ = {isa = PBXBuildFile; fileRef = 85B55CA415CA36FD00C17639 /* NLPlaylist.m */; };
		85B55CAF15CF5D5400C17639 /* NLPlaylistEditorViewController.m in Sources */ = {isa = PBXBuildFile; fileRef = 85B55CAE15CF5D5400C17639 /* NLPlaylistEditorViewController.m */; };
		85B55CB215CF66E200C17639 /* NLPlaylistManager.m in Sources */ = {isa = PBXBuildFile; fileRef = 85B55CB115CF66E200C17639 /* NLPlaylistManager.m */; };
		85D941A815BB98B1009EF609 /* FBDialog.bundle in Resources */ = {isa = PBXBuildFile; fileRef = 85D9419C15BB98B1009EF609 /* FBDialog.bundle */; };
		85D941AB15BB9EF8009EF609 /* NLFriendsViewController.m in Sources */ = {isa = PBXBuildFile; fileRef = 85D941AA15BB9EF8009EF609 /* NLFriendsViewController.m */; };
		85D941B915BBA535009EF609 /* iCarousel.m in Sources */ = {isa = PBXBuildFile; fileRef = 85D941B815BBA535009EF609 /* iCarousel.m */; settings = {COMPILER_FLAGS = "-fno-objc-arc"; }; };
		85D941BB15BBA5A1009EF609 /* QuartzCore.framework in Frameworks */ = {isa = PBXBuildFile; fileRef = 85D941BA15BBA5A1009EF609 /* QuartzCore.framework */; };
		85D941C315BBAACE009EF609 /* NLFacebookFriend.m in Sources */ = {isa = PBXBuildFile; fileRef = 85D941C215BBAACE009EF609 /* NLFacebookFriend.m */; };
		85D941C615BBAC6C009EF609 /* NLFacebookFriendFactory.m in Sources */ = {isa = PBXBuildFile; fileRef = 85D941C515BBAC6C009EF609 /* NLFacebookFriendFactory.m */; };
		85F8F3C715EB057100C14754 /* iRate.m in Sources */ = {isa = PBXBuildFile; fileRef = 85F8F3C615EB057100C14754 /* iRate.m */; };
		85F8F3CB15EB0B4300C14754 /* NLPopularResultsViewController.m in Sources */ = {isa = PBXBuildFile; fileRef = 85F8F3CA15EB0B4300C14754 /* NLPopularResultsViewController.m */; };
		85F8F40E15F55B8400C14754 /* add_to_playlist_background@2x.png in Resources */ = {isa = PBXBuildFile; fileRef = 85F8F3F815F55B8400C14754 /* add_to_playlist_background@2x.png */; };
		85F8F40F15F55B8400C14754 /* arrow_background_highlighted@2x.png in Resources */ = {isa = PBXBuildFile; fileRef = 85F8F3F915F55B8400C14754 /* arrow_background_highlighted@2x.png */; };
		85F8F41015F55B8400C14754 /* arrow_background_selected@2x.png in Resources */ = {isa = PBXBuildFile; fileRef = 85F8F3FA15F55B8400C14754 /* arrow_background_selected@2x.png */; };
		85F8F41115F55B8400C14754 /* arrow_background@2x.png in Resources */ = {isa = PBXBuildFile; fileRef = 85F8F3FB15F55B8400C14754 /* arrow_background@2x.png */; };
		85F8F41215F55B8400C14754 /* arrow_highlighted@2x.png in Resources */ = {isa = PBXBuildFile; fileRef = 85F8F3FC15F55B8400C14754 /* arrow_highlighted@2x.png */; };
		85F8F41315F55B8400C14754 /* arrow_pressed@2x.png in Resources */ = {isa = PBXBuildFile; fileRef = 85F8F3FD15F55B8400C14754 /* arrow_pressed@2x.png */; };
		85F8F41415F55B8400C14754 /* arrow@2x.png in Resources */ = {isa = PBXBuildFile; fileRef = 85F8F3FE15F55B8400C14754 /* arrow@2x.png */; };
		85F8F41515F55B8400C14754 /* background@2x.png in Resources */ = {isa = PBXBuildFile; fileRef = 85F8F3FF15F55B8400C14754 /* background@2x.png */; };
		85F8F41615F55B8400C14754 /* continuous_pressed@2x.png in Resources */ = {isa = PBXBuildFile; fileRef = 85F8F40015F55B8400C14754 /* continuous_pressed@2x.png */; };
		85F8F41715F55B8400C14754 /* continuous@2x.png in Resources */ = {isa = PBXBuildFile; fileRef = 85F8F40115F55B8400C14754 /* continuous@2x.png */; };
		85F8F41815F55B8400C14754 /* loading_close_btn.png in Resources */ = {isa = PBXBuildFile; fileRef = 85F8F40215F55B8400C14754 /* loading_close_btn.png */; };
		85F8F41915F55B8400C14754 /* loading_close_btn@2x.png in Resources */ = {isa = PBXBuildFile; fileRef = 85F8F40315F55B8400C14754 /* loading_close_btn@2x.png */; };
		85F8F41A15F55B8400C14754 /* playlist_bar_background@2x.png in Resources */ = {isa = PBXBuildFile; fileRef = 85F8F40415F55B8400C14754 /* playlist_bar_background@2x.png */; };
		85F8F41B15F55B8400C14754 /* playlist_bar_top_shadow@2x.png in Resources */ = {isa = PBXBuildFile; fileRef = 85F8F40515F55B8400C14754 /* playlist_bar_top_shadow@2x.png */; };
		85F8F41C15F55B8400C14754 /* playlist_bar@2x.png in Resources */ = {isa = PBXBuildFile; fileRef = 85F8F40615F55B8400C14754 /* playlist_bar@2x.png */; };
		85F8F41D15F55B8400C14754 /* playlist_cell_selected@2x.png in Resources */ = {isa = PBXBuildFile; fileRef = 85F8F40715F55B8400C14754 /* playlist_cell_selected@2x.png */; };
		85F8F41E15F55B8400C14754 /* playlist_cell@2x.png in Resources */ = {isa = PBXBuildFile; fileRef = 85F8F40815F55B8400C14754 /* playlist_cell@2x.png */; };
		85F8F42015F55B8400C14754 /* shuffle_pressed@2x.png in Resources */ = {isa = PBXBuildFile; fileRef = 85F8F40A15F55B8400C14754 /* shuffle_pressed@2x.png */; };
		85F8F42115F55B8400C14754 /* shuffle@2x.png in Resources */ = {isa = PBXBuildFile; fileRef = 85F8F40B15F55B8400C14754 /* shuffle@2x.png */; };
		85F8F42215F55B8400C14754 /* slider_maximum.png in Resources */ = {isa = PBXBuildFile; fileRef = 85F8F40C15F55B8400C14754 /* slider_maximum.png */; };
		85F8F42315F55B8400C14754 /* slider_minimum.png in Resources */ = {isa = PBXBuildFile; fileRef = 85F8F40D15F55B8400C14754 /* slider_minimum.png */; };
		85F8F42615F95CEF00C14754 /* NSMutableArray+Shuffle.m in Sources */ = {isa = PBXBuildFile; fileRef = 85F8F42515F95CEF00C14754 /* NSMutableArray+Shuffle.m */; };
		85F8F42915F99EC900C14754 /* UIView+Shadow.m in Sources */ = {isa = PBXBuildFile; fileRef = 85F8F42815F99EC900C14754 /* UIView+Shadow.m */; };
		85F8F42C15FA99BD00C14754 /* NLVideoPlayerViewController.m in Sources */ = {isa = PBXBuildFile; fileRef = 85F8F42B15FA99BD00C14754 /* NLVideoPlayerViewController.m */; };
		85F8F43715FE86DC00C14754 /* icon_button@2x.png in Resources */ = {isa = PBXBuildFile; fileRef = 85F8F42D15FE86D400C14754 /* icon_button@2x.png */; };
		85F8F43C15FE86DC00C14754 /* my_friends@2x.png in Resources */ = {isa = PBXBuildFile; fileRef = 85F8F43215FE86D900C14754 /* my_friends@2x.png */; };
		85F8F43D15FE86DC00C14754 /* placeholder_background@2x.png in Resources */ = {isa = PBXBuildFile; fileRef = 85F8F43315FE86D900C14754 /* placeholder_background@2x.png */; };
		85F8F43E15FE86DC00C14754 /* placeholder_shadow@2x.png in Resources */ = {isa = PBXBuildFile; fileRef = 85F8F43415FE86D900C14754 /* placeholder_shadow@2x.png */; };
		85F8F43F15FE86DC00C14754 /* popular_songs@2x.png in Resources */ = {isa = PBXBuildFile; fileRef = 85F8F43515FE86DA00C14754 /* popular_songs@2x.png */; };
		85F8F44015FE86DC00C14754 /* search_music@2x.png in Resources */ = {isa = PBXBuildFile; fileRef = 85F8F43615FE86DB00C14754 /* search_music@2x.png */; };
		85F8F46016013E5000C14754 /* add_to_playlist_background.png in Resources */ = {isa = PBXBuildFile; fileRef = 85F8F44516013E3600C14754 /* add_to_playlist_background.png */; };
		85F8F46116013E5000C14754 /* arrow_background_highlighted.png in Resources */ = {isa = PBXBuildFile; fileRef = 85F8F44616013E3800C14754 /* arrow_background_highlighted.png */; };
		85F8F46216013E5000C14754 /* arrow_background_selected.png in Resources */ = {isa = PBXBuildFile; fileRef = 85F8F44716013E3A00C14754 /* arrow_background_selected.png */; };
		85F8F46316013E5000C14754 /* arrow_background.png in Resources */ = {isa = PBXBuildFile; fileRef = 85F8F44816013E3A00C14754 /* arrow_background.png */; };
		85F8F46416013E5000C14754 /* arrow_highlighted.png in Resources */ = {isa = PBXBuildFile; fileRef = 85F8F44916013E3B00C14754 /* arrow_highlighted.png */; };
		85F8F46516013E5000C14754 /* arrow_pressed.png in Resources */ = {isa = PBXBuildFile; fileRef = 85F8F44A16013E3C00C14754 /* arrow_pressed.png */; };
		85F8F46616013E5000C14754 /* arrow.png in Resources */ = {isa = PBXBuildFile; fileRef = 85F8F44B16013E3D00C14754 /* arrow.png */; };
		85F8F46716013E5000C14754 /* background.png in Resources */ = {isa = PBXBuildFile; fileRef = 85F8F44C16013E3F00C14754 /* background.png */; };
		85F8F46816013E5000C14754 /* continuous_pressed.png in Resources */ = {isa = PBXBuildFile; fileRef = 85F8F44D16013E3F00C14754 /* continuous_pressed.png */; };
		85F8F46916013E5000C14754 /* continuous.png in Resources */ = {isa = PBXBuildFile; fileRef = 85F8F44E16013E4000C14754 /* continuous.png */; };
		85F8F46A16013E5000C14754 /* delete_button.png in Resources */ = {isa = PBXBuildFile; fileRef = 85F8F44F16013E4100C14754 /* delete_button.png */; };
		85F8F46B16013E5000C14754 /* delete_button@2x.png in Resources */ = {isa = PBXBuildFile; fileRef = 85F8F45016013E4200C14754 /* delete_button@2x.png */; };
		85F8F46C16013E5000C14754 /* icon_button.png in Resources */ = {isa = PBXBuildFile; fileRef = 85F8F45116013E4300C14754 /* icon_button.png */; };
		85F8F46D16013E5000C14754 /* my_friends.png in Resources */ = {isa = PBXBuildFile; fileRef = 85F8F45216013E4400C14754 /* my_friends.png */; };
		85F8F46E16013E5000C14754 /* placeholder_background.png in Resources */ = {isa = PBXBuildFile; fileRef = 85F8F45316013E4500C14754 /* placeholder_background.png */; };
		85F8F46F16013E5000C14754 /* placeholder_shadow.png in Resources */ = {isa = PBXBuildFile; fileRef = 85F8F45416013E4500C14754 /* placeholder_shadow.png */; };
		85F8F47016013E5000C14754 /* playlist_bar_background.png in Resources */ = {isa = PBXBuildFile; fileRef = 85F8F45516013E4700C14754 /* playlist_bar_background.png */; };
		85F8F47116013E5000C14754 /* playlist_bar_top_shadow.png in Resources */ = {isa = PBXBuildFile; fileRef = 85F8F45616013E4700C14754 /* playlist_bar_top_shadow.png */; };
		85F8F47216013E5000C14754 /* playlist_bar.png in Resources */ = {isa = PBXBuildFile; fileRef = 85F8F45716013E4800C14754 /* playlist_bar.png */; };
		85F8F47316013E5000C14754 /* playlist_cell_selected.png in Resources */ = {isa = PBXBuildFile; fileRef = 85F8F45816013E4900C14754 /* playlist_cell_selected.png */; };
		85F8F47416013E5000C14754 /* playlist_cell.png in Resources */ = {isa = PBXBuildFile; fileRef = 85F8F45916013E4A00C14754 /* playlist_cell.png */; };
		85F8F47516013E5000C14754 /* popular_songs.png in Resources */ = {isa = PBXBuildFile; fileRef = 85F8F45A16013E4B00C14754 /* popular_songs.png */; };
		85F8F47616013E5000C14754 /* search_music.png in Resources */ = {isa = PBXBuildFile; fileRef = 85F8F45B16013E4B00C14754 /* search_music.png */; };
		85F8F47716013E5000C14754 /* shuffle_pressed.png in Resources */ = {isa = PBXBuildFile; fileRef = 85F8F45C16013E4D00C14754 /* shuffle_pressed.png */; };
		85F8F47816013E5000C14754 /* shuffle.png in Resources */ = {isa = PBXBuildFile; fileRef = 85F8F45D16013E4D00C14754 /* shuffle.png */; };
		85F8F47916013E5000C14754 /* splash.png in Resources */ = {isa = PBXBuildFile; fileRef = 85F8F45E16013E4E00C14754 /* splash.png */; };
		85F8F47A16013E5000C14754 /* splash@2x.png in Resources */ = {isa = PBXBuildFile; fileRef = 85F8F45F16013E4F00C14754 /* splash@2x.png */; };
		85FB37051603D3EC001B7DC9 /* Icon.png in Resources */ = {isa = PBXBuildFile; fileRef = 85FB37011603D3EC001B7DC9 /* Icon.png */; };
		85FB37061603D3EC001B7DC9 /* Icon@2x.png in Resources */ = {isa = PBXBuildFile; fileRef = 85FB37021603D3EC001B7DC9 /* Icon@2x.png */; };
		85FB37091603FBD8001B7DC9 /* Icon-Small.png in Resources */ = {isa = PBXBuildFile; fileRef = 85FB37071603FBD8001B7DC9 /* Icon-Small.png */; };
		85FB370A1603FBD8001B7DC9 /* Icon-Small@2x.png in Resources */ = {isa = PBXBuildFile; fileRef = 85FB37081603FBD8001B7DC9 /* Icon-Small@2x.png */; };
		85FB370C1603FC4C001B7DC9 /* iTunesArtwork in Resources */ = {isa = PBXBuildFile; fileRef = 85FB370B1603FC4C001B7DC9 /* iTunesArtwork */; };
		85FB458D15D4CAA200349534 /* NSArray+Videos.m in Sources */ = {isa = PBXBuildFile; fileRef = 85FB458C15D4CAA200349534 /* NSArray+Videos.m */; };
		85FB45B515DCB58600349534 /* NLContainerViewController.m in Sources */ = {isa = PBXBuildFile; fileRef = 85FB45B415DCB58600349534 /* NLContainerViewController.m */; };
		85FB45B815DDF3E200349534 /* NLUtils.m in Sources */ = {isa = PBXBuildFile; fileRef = 85FB45B715DDF3E200349534 /* NLUtils.m */; };
		85FB45D615E0CB7000349534 /* UIColor+NLColors.m in Sources */ = {isa = PBXBuildFile; fileRef = 85FB45D515E0CB7000349534 /* UIColor+NLColors.m */; };
		85FB45E315E1DB3C00349534 /* NLSearchQueriesFactory.m in Sources */ = {isa = PBXBuildFile; fileRef = 85FB45E215E1DB3C00349534 /* NLSearchQueriesFactory.m */; };
		85FB45EF15E4520200349534 /* NLVideoLoadingView.m in Sources */ = {isa = PBXBuildFile; fileRef = 85FB45EE15E4520200349534 /* NLVideoLoadingView.m */; };
/* End PBXBuildFile section */

/* Begin PBXFileReference section */
		8505AB8815E600E000DC1B69 /* NLYoutubeSearchViewController.h */ = {isa = PBXFileReference; fileEncoding = 4; lastKnownFileType = sourcecode.c.h; path = NLYoutubeSearchViewController.h; sourceTree = "<group>"; };
		8505AB8915E600E000DC1B69 /* NLYoutubeSearchViewController.m */ = {isa = PBXFileReference; fileEncoding = 4; lastKnownFileType = sourcecode.c.objc; path = NLYoutubeSearchViewController.m; sourceTree = "<group>"; };
		8505AB8B15E61A2200DC1B69 /* NLYoutubeResultsViewController.h */ = {isa = PBXFileReference; fileEncoding = 4; lastKnownFileType = sourcecode.c.h; path = NLYoutubeResultsViewController.h; sourceTree = "<group>"; };
		8505AB8C15E61A2200DC1B69 /* NLYoutubeResultsViewController.m */ = {isa = PBXFileReference; fileEncoding = 4; lastKnownFileType = sourcecode.c.objc; path = NLYoutubeResultsViewController.m; sourceTree = "<group>"; };
		853B2AEF160180C0005D1659 /* Default-568h@2x.png */ = {isa = PBXFileReference; lastKnownFileType = image.png; path = "Default-568h@2x.png"; sourceTree = "<group>"; };
		853FEB1315BB8561002A1EB5 /* Playor.app */ = {isa = PBXFileReference; explicitFileType = wrapper.application; includeInIndex = 0; path = Playor.app; sourceTree = BUILT_PRODUCTS_DIR; };
		853FEB1715BB8561002A1EB5 /* UIKit.framework */ = {isa = PBXFileReference; lastKnownFileType = wrapper.framework; name = UIKit.framework; path = System/Library/Frameworks/UIKit.framework; sourceTree = SDKROOT; };
		853FEB1915BB8561002A1EB5 /* Foundation.framework */ = {isa = PBXFileReference; lastKnownFileType = wrapper.framework; name = Foundation.framework; path = System/Library/Frameworks/Foundation.framework; sourceTree = SDKROOT; };
		853FEB1B15BB8561002A1EB5 /* CoreGraphics.framework */ = {isa = PBXFileReference; lastKnownFileType = wrapper.framework; name = CoreGraphics.framework; path = System/Library/Frameworks/CoreGraphics.framework; sourceTree = SDKROOT; };
		853FEB1F15BB8561002A1EB5 /* Noctis-Info.plist */ = {isa = PBXFileReference; lastKnownFileType = text.plist.xml; path = "Noctis-Info.plist"; sourceTree = "<group>"; };
		853FEB2115BB8561002A1EB5 /* en */ = {isa = PBXFileReference; lastKnownFileType = text.plist.strings; name = en; path = en.lproj/InfoPlist.strings; sourceTree = "<group>"; };
		853FEB2315BB8561002A1EB5 /* main.m */ = {isa = PBXFileReference; lastKnownFileType = sourcecode.c.objc; path = main.m; sourceTree = "<group>"; };
		853FEB2515BB8561002A1EB5 /* Noctis-Prefix.pch */ = {isa = PBXFileReference; lastKnownFileType = sourcecode.c.h; path = "Noctis-Prefix.pch"; sourceTree = "<group>"; };
		853FEB2615BB8561002A1EB5 /* NLAppDelegate.h */ = {isa = PBXFileReference; lastKnownFileType = sourcecode.c.h; name = NLAppDelegate.h; path = Noctis/NLAppDelegate.h; sourceTree = "<group>"; };
		853FEB2715BB8561002A1EB5 /* NLAppDelegate.m */ = {isa = PBXFileReference; lastKnownFileType = sourcecode.c.objc; name = NLAppDelegate.m; path = Noctis/NLAppDelegate.m; sourceTree = "<group>"; };
		853FEB2915BB8561002A1EB5 /* NLViewController.h */ = {isa = PBXFileReference; lastKnownFileType = sourcecode.c.h; name = NLViewController.h; path = Noctis/NLViewController.h; sourceTree = "<group>"; };
		853FEB2A15BB8561002A1EB5 /* NLViewController.m */ = {isa = PBXFileReference; lastKnownFileType = sourcecode.c.objc; name = NLViewController.m; path = Noctis/NLViewController.m; sourceTree = "<group>"; };
		853FEB6F15BB9588002A1EB5 /* NLFacebookManager.h */ = {isa = PBXFileReference; fileEncoding = 4; lastKnownFileType = sourcecode.c.h; path = NLFacebookManager.h; sourceTree = "<group>"; };
		853FEB7015BB9588002A1EB5 /* NLFacebookManager.m */ = {isa = PBXFileReference; fileEncoding = 4; lastKnownFileType = sourcecode.c.objc; path = NLFacebookManager.m; sourceTree = "<group>"; };
		855774C5161BF9C80024D194 /* AVFoundation.framework */ = {isa = PBXFileReference; lastKnownFileType = wrapper.framework; name = AVFoundation.framework; path = System/Library/Frameworks/AVFoundation.framework; sourceTree = SDKROOT; };
		856AF8E015BC616100529F5C /* FXImageView.h */ = {isa = PBXFileReference; fileEncoding = 4; lastKnownFileType = sourcecode.c.h; name = FXImageView.h; path = FXImageView/FXImageView.h; sourceTree = "<group>"; };
		856AF8E115BC616100529F5C /* FXImageView.m */ = {isa = PBXFileReference; fileEncoding = 4; lastKnownFileType = sourcecode.c.objc; name = FXImageView.m; path = FXImageView/FXImageView.m; sourceTree = "<group>"; };
		856AF8E215BC616100529F5C /* UIImage+FX.h */ = {isa = PBXFileReference; fileEncoding = 4; lastKnownFileType = sourcecode.c.h; name = "UIImage+FX.h"; path = "FXImageView/UIImage+FX.h"; sourceTree = "<group>"; };
		856AF8E315BC616100529F5C /* UIImage+FX.m */ = {isa = PBXFileReference; fileEncoding = 4; lastKnownFileType = sourcecode.c.objc; name = "UIImage+FX.m"; path = "FXImageView/UIImage+FX.m"; sourceTree = "<group>"; };
		856AF8E615BC7CD100529F5C /* NLFriendsDetailViewController.h */ = {isa = PBXFileReference; fileEncoding = 4; lastKnownFileType = sourcecode.c.h; path = NLFriendsDetailViewController.h; sourceTree = "<group>"; };
		856AF8E715BC7CD100529F5C /* NLFriendsDetailViewController.m */ = {isa = PBXFileReference; fileEncoding = 4; lastKnownFileType = sourcecode.c.objc; path = NLFriendsDetailViewController.m; sourceTree = "<group>"; };
		856AF8E915BC8E5200529F5C /* NLYoutubeLinksFactory.h */ = {isa = PBXFileReference; fileEncoding = 4; lastKnownFileType = sourcecode.c.h; path = NLYoutubeLinksFactory.h; sourceTree = "<group>"; };
		856AF8EA15BC8E5200529F5C /* NLYoutubeLinksFactory.m */ = {isa = PBXFileReference; fileEncoding = 4; lastKnownFileType = sourcecode.c.objc; path = NLYoutubeLinksFactory.m; sourceTree = "<group>"; };
		856AF8EC15BC8EB700529F5C /* NLYoutubeVideo.h */ = {isa = PBXFileReference; fileEncoding = 4; lastKnownFileType = sourcecode.c.h; path = NLYoutubeVideo.h; sourceTree = "<group>"; };
		856AF8ED15BC8EB700529F5C /* NLYoutubeVideo.m */ = {isa = PBXFileReference; fileEncoding = 4; lastKnownFileType = sourcecode.c.objc; path = NLYoutubeVideo.m; sourceTree = "<group>"; };
		856AF8F315BE467B00529F5C /* NLYoutubeLinksFromFBLikesFactory.h */ = {isa = PBXFileReference; fileEncoding = 4; lastKnownFileType = sourcecode.c.h; path = NLYoutubeLinksFromFBLikesFactory.h; sourceTree = "<group>"; };
		856AF8F415BE467C00529F5C /* NLYoutubeLinksFromFBLikesFactory.m */ = {isa = PBXFileReference; fileEncoding = 4; lastKnownFileType = sourcecode.c.objc; path = NLYoutubeLinksFromFBLikesFactory.m; sourceTree = "<group>"; };
		856AF8F915BE52A100529F5C /* NSObject+SBJson.h */ = {isa = PBXFileReference; fileEncoding = 4; lastKnownFileType = sourcecode.c.h; name = "NSObject+SBJson.h"; path = "SBJson/NSObject+SBJson.h"; sourceTree = "<group>"; };
		856AF8FA15BE52A100529F5C /* NSObject+SBJson.m */ = {isa = PBXFileReference; fileEncoding = 4; lastKnownFileType = sourcecode.c.objc; name = "NSObject+SBJson.m"; path = "SBJson/NSObject+SBJson.m"; sourceTree = "<group>"; };
		856AF8FB15BE52A100529F5C /* SBJson.h */ = {isa = PBXFileReference; fileEncoding = 4; lastKnownFileType = sourcecode.c.h; name = SBJson.h; path = SBJson/SBJson.h; sourceTree = "<group>"; };
		856AF8FC15BE52A100529F5C /* SBJsonParser.h */ = {isa = PBXFileReference; fileEncoding = 4; lastKnownFileType = sourcecode.c.h; name = SBJsonParser.h; path = SBJson/SBJsonParser.h; sourceTree = "<group>"; };
		856AF8FD15BE52A100529F5C /* SBJsonParser.m */ = {isa = PBXFileReference; fileEncoding = 4; lastKnownFileType = sourcecode.c.objc; name = SBJsonParser.m; path = SBJson/SBJsonParser.m; sourceTree = "<group>"; };
		856AF8FE15BE52A100529F5C /* SBJsonStreamParser.h */ = {isa = PBXFileReference; fileEncoding = 4; lastKnownFileType = sourcecode.c.h; name = SBJsonStreamParser.h; path = SBJson/SBJsonStreamParser.h; sourceTree = "<group>"; };
		856AF8FF15BE52A100529F5C /* SBJsonStreamParser.m */ = {isa = PBXFileReference; fileEncoding = 4; lastKnownFileType = sourcecode.c.objc; name = SBJsonStreamParser.m; path = SBJson/SBJsonStreamParser.m; sourceTree = "<group>"; };
		856AF90015BE52A100529F5C /* SBJsonStreamParserAccumulator.h */ = {isa = PBXFileReference; fileEncoding = 4; lastKnownFileType = sourcecode.c.h; name = SBJsonStreamParserAccumulator.h; path = SBJson/SBJsonStreamParserAccumulator.h; sourceTree = "<group>"; };
		856AF90115BE52A100529F5C /* SBJsonStreamParserAccumulator.m */ = {isa = PBXFileReference; fileEncoding = 4; lastKnownFileType = sourcecode.c.objc; name = SBJsonStreamParserAccumulator.m; path = SBJson/SBJsonStreamParserAccumulator.m; sourceTree = "<group>"; };
		856AF90215BE52A100529F5C /* SBJsonStreamParserAdapter.h */ = {isa = PBXFileReference; fileEncoding = 4; lastKnownFileType = sourcecode.c.h; name = SBJsonStreamParserAdapter.h; path = SBJson/SBJsonStreamParserAdapter.h; sourceTree = "<group>"; };
		856AF90315BE52A100529F5C /* SBJsonStreamParserAdapter.m */ = {isa = PBXFileReference; fileEncoding = 4; lastKnownFileType = sourcecode.c.objc; name = SBJsonStreamParserAdapter.m; path = SBJson/SBJsonStreamParserAdapter.m; sourceTree = "<group>"; };
		856AF90415BE52A100529F5C /* SBJsonStreamParserState.h */ = {isa = PBXFileReference; fileEncoding = 4; lastKnownFileType = sourcecode.c.h; name = SBJsonStreamParserState.h; path = SBJson/SBJsonStreamParserState.h; sourceTree = "<group>"; };
		856AF90515BE52A100529F5C /* SBJsonStreamParserState.m */ = {isa = PBXFileReference; fileEncoding = 4; lastKnownFileType = sourcecode.c.objc; name = SBJsonStreamParserState.m; path = SBJson/SBJsonStreamParserState.m; sourceTree = "<group>"; };
		856AF90615BE52A100529F5C /* SBJsonStreamWriter.h */ = {isa = PBXFileReference; fileEncoding = 4; lastKnownFileType = sourcecode.c.h; name = SBJsonStreamWriter.h; path = SBJson/SBJsonStreamWriter.h; sourceTree = "<group>"; };
		856AF90715BE52A100529F5C /* SBJsonStreamWriter.m */ = {isa = PBXFileReference; fileEncoding = 4; lastKnownFileType = sourcecode.c.objc; name = SBJsonStreamWriter.m; path = SBJson/SBJsonStreamWriter.m; sourceTree = "<group>"; };
		856AF90815BE52A100529F5C /* SBJsonStreamWriterAccumulator.h */ = {isa = PBXFileReference; fileEncoding = 4; lastKnownFileType = sourcecode.c.h; name = SBJsonStreamWriterAccumulator.h; path = SBJson/SBJsonStreamWriterAccumulator.h; sourceTree = "<group>"; };
		856AF90915BE52A100529F5C /* SBJsonStreamWriterAccumulator.m */ = {isa = PBXFileReference; fileEncoding = 4; lastKnownFileType = sourcecode.c.objc; name = SBJsonStreamWriterAccumulator.m; path = SBJson/SBJsonStreamWriterAccumulator.m; sourceTree = "<group>"; };
		856AF90A15BE52A100529F5C /* SBJsonStreamWriterState.h */ = {isa = PBXFileReference; fileEncoding = 4; lastKnownFileType = sourcecode.c.h; name = SBJsonStreamWriterState.h; path = SBJson/SBJsonStreamWriterState.h; sourceTree = "<group>"; };
		856AF90B15BE52A100529F5C /* SBJsonStreamWriterState.m */ = {isa = PBXFileReference; fileEncoding = 4; lastKnownFileType = sourcecode.c.objc; name = SBJsonStreamWriterState.m; path = SBJson/SBJsonStreamWriterState.m; sourceTree = "<group>"; };
		856AF90C15BE52A100529F5C /* SBJsonTokeniser.h */ = {isa = PBXFileReference; fileEncoding = 4; lastKnownFileType = sourcecode.c.h; name = SBJsonTokeniser.h; path = SBJson/SBJsonTokeniser.h; sourceTree = "<group>"; };
		856AF90D15BE52A100529F5C /* SBJsonTokeniser.m */ = {isa = PBXFileReference; fileEncoding = 4; lastKnownFileType = sourcecode.c.objc; name = SBJsonTokeniser.m; path = SBJson/SBJsonTokeniser.m; sourceTree = "<group>"; };
		856AF90E15BE52A100529F5C /* SBJsonUTF8Stream.h */ = {isa = PBXFileReference; fileEncoding = 4; lastKnownFileType = sourcecode.c.h; name = SBJsonUTF8Stream.h; path = SBJson/SBJsonUTF8Stream.h; sourceTree = "<group>"; };
		856AF90F15BE52A100529F5C /* SBJsonUTF8Stream.m */ = {isa = PBXFileReference; fileEncoding = 4; lastKnownFileType = sourcecode.c.objc; name = SBJsonUTF8Stream.m; path = SBJson/SBJsonUTF8Stream.m; sourceTree = "<group>"; };
		856AF91015BE52A100529F5C /* SBJsonWriter.h */ = {isa = PBXFileReference; fileEncoding = 4; lastKnownFileType = sourcecode.c.h; name = SBJsonWriter.h; path = SBJson/SBJsonWriter.h; sourceTree = "<group>"; };
		856AF91115BE52A100529F5C /* SBJsonWriter.m */ = {isa = PBXFileReference; fileEncoding = 4; lastKnownFileType = sourcecode.c.objc; name = SBJsonWriter.m; path = SBJson/SBJsonWriter.m; sourceTree = "<group>"; };
		856AF91E15BE650400529F5C /* NLURLConnectionManager.h */ = {isa = PBXFileReference; fileEncoding = 4; lastKnownFileType = sourcecode.c.h; path = NLURLConnectionManager.h; sourceTree = "<group>"; };
		856AF91F15BE650400529F5C /* NLURLConnectionManager.m */ = {isa = PBXFileReference; fileEncoding = 4; lastKnownFileType = sourcecode.c.objc; path = NLURLConnectionManager.m; sourceTree = "<group>"; };
		856AF96315C0C59300529F5C /* NLPlaylistBarViewController.h */ = {isa = PBXFileReference; fileEncoding = 4; lastKnownFileType = sourcecode.c.h; path = NLPlaylistBarViewController.h; sourceTree = "<group>"; };
		856AF96415C0C59400529F5C /* NLPlaylistBarViewController.m */ = {isa = PBXFileReference; fileEncoding = 4; lastKnownFileType = sourcecode.c.objc; path = NLPlaylistBarViewController.m; sourceTree = "<group>"; };
		858DE28016040D540061EE87 /* splash-568h@2x.png */ = {isa = PBXFileReference; lastKnownFileType = image.png; name = "splash-568h@2x.png"; path = "Assets/splash-568h@2x.png"; sourceTree = "<group>"; };
		8595692615E9C179005A89F3 /* NLControllerChooserViewController.h */ = {isa = PBXFileReference; fileEncoding = 4; lastKnownFileType = sourcecode.c.h; path = NLControllerChooserViewController.h; sourceTree = "<group>"; };
		8595692715E9C179005A89F3 /* NLControllerChooserViewController.m */ = {isa = PBXFileReference; fileEncoding = 4; lastKnownFileType = sourcecode.c.objc; path = NLControllerChooserViewController.m; sourceTree = "<group>"; };
		85B55CA315CA36FD00C17639 /* NLPlaylist.h */ = {isa = PBXFileReference; fileEncoding = 4; lastKnownFileType = sourcecode.c.h; path = NLPlaylist.h; sourceTree = "<group>"; };
		85B55CA415CA36FD00C17639 /* NLPlaylist.m */ = {isa = PBXFileReference; fileEncoding = 4; lastKnownFileType = sourcecode.c.objc; path = NLPlaylist.m; sourceTree = "<group>"; };
		85B55CAD15CF5D5400C17639 /* NLPlaylistEditorViewController.h */ = {isa = PBXFileReference; fileEncoding = 4; lastKnownFileType = sourcecode.c.h; path = NLPlaylistEditorViewController.h; sourceTree = "<group>"; };
		85B55CAE15CF5D5400C17639 /* NLPlaylistEditorViewController.m */ = {isa = PBXFileReference; fileEncoding = 4; lastKnownFileType = sourcecode.c.objc; path = NLPlaylistEditorViewController.m; sourceTree = "<group>"; };
		85B55CB015CF66E200C17639 /* NLPlaylistManager.h */ = {isa = PBXFileReference; fileEncoding = 4; lastKnownFileType = sourcecode.c.h; path = NLPlaylistManager.h; sourceTree = "<group>"; };
		85B55CB115CF66E200C17639 /* NLPlaylistManager.m */ = {isa = PBXFileReference; fileEncoding = 4; lastKnownFileType = sourcecode.c.objc; path = NLPlaylistManager.m; sourceTree = "<group>"; };
		85D9419715BB987A009EF609 /* libfacebook_ios_sdk.a */ = {isa = PBXFileReference; lastKnownFileType = archive.ar; name = libfacebook_ios_sdk.a; path = "facebook-ios-sdk/libfacebook_ios_sdk.a"; sourceTree = "<group>"; };
		85D9419A15BB98B1009EF609 /* Facebook.h */ = {isa = PBXFileReference; fileEncoding = 4; lastKnownFileType = sourcecode.c.h; name = Facebook.h; path = "facebook-ios-sdk/Facebook.h"; sourceTree = "<group>"; };
		85D9419B15BB98B1009EF609 /* FBConnect.h */ = {isa = PBXFileReference; fileEncoding = 4; lastKnownFileType = sourcecode.c.h; name = FBConnect.h; path = "facebook-ios-sdk/FBConnect.h"; sourceTree = "<group>"; };
		85D9419C15BB98B1009EF609 /* FBDialog.bundle */ = {isa = PBXFileReference; lastKnownFileType = "wrapper.plug-in"; name = FBDialog.bundle; path = "facebook-ios-sdk/FBDialog.bundle"; sourceTree = "<group>"; };
		85D9419D15BB98B1009EF609 /* FBDialog.h */ = {isa = PBXFileReference; fileEncoding = 4; lastKnownFileType = sourcecode.c.h; name = FBDialog.h; path = "facebook-ios-sdk/FBDialog.h"; sourceTree = "<group>"; };
		85D9419E15BB98B1009EF609 /* FBFrictionlessRequestSettings.h */ = {isa = PBXFileReference; fileEncoding = 4; lastKnownFileType = sourcecode.c.h; name = FBFrictionlessRequestSettings.h; path = "facebook-ios-sdk/FBFrictionlessRequestSettings.h"; sourceTree = "<group>"; };
		85D9419F15BB98B1009EF609 /* FBLoginDialog.h */ = {isa = PBXFileReference; fileEncoding = 4; lastKnownFileType = sourcecode.c.h; name = FBLoginDialog.h; path = "facebook-ios-sdk/FBLoginDialog.h"; sourceTree = "<group>"; };
		85D941A015BB98B1009EF609 /* FBRequest.h */ = {isa = PBXFileReference; fileEncoding = 4; lastKnownFileType = sourcecode.c.h; name = FBRequest.h; path = "facebook-ios-sdk/FBRequest.h"; sourceTree = "<group>"; };
		85D941A115BB98B1009EF609 /* JSON.h */ = {isa = PBXFileReference; fileEncoding = 4; lastKnownFileType = sourcecode.c.h; name = JSON.h; path = "facebook-ios-sdk/JSON.h"; sourceTree = "<group>"; };
		85D941A915BB9EF8009EF609 /* NLFriendsViewController.h */ = {isa = PBXFileReference; fileEncoding = 4; lastKnownFileType = sourcecode.c.h; path = NLFriendsViewController.h; sourceTree = "<group>"; };
		85D941AA15BB9EF8009EF609 /* NLFriendsViewController.m */ = {isa = PBXFileReference; fileEncoding = 4; lastKnownFileType = sourcecode.c.objc; path = NLFriendsViewController.m; sourceTree = "<group>"; };
		85D941B715BBA535009EF609 /* iCarousel.h */ = {isa = PBXFileReference; fileEncoding = 4; lastKnownFileType = sourcecode.c.h; name = iCarousel.h; path = iCarousel/iCarousel.h; sourceTree = "<group>"; };
		85D941B815BBA535009EF609 /* iCarousel.m */ = {isa = PBXFileReference; fileEncoding = 4; lastKnownFileType = sourcecode.c.objc; name = iCarousel.m; path = iCarousel/iCarousel.m; sourceTree = "<group>"; };
		85D941BA15BBA5A1009EF609 /* QuartzCore.framework */ = {isa = PBXFileReference; lastKnownFileType = wrapper.framework; name = QuartzCore.framework; path = System/Library/Frameworks/QuartzCore.framework; sourceTree = SDKROOT; };
		85D941C115BBAACE009EF609 /* NLFacebookFriend.h */ = {isa = PBXFileReference; fileEncoding = 4; lastKnownFileType = sourcecode.c.h; path = NLFacebookFriend.h; sourceTree = "<group>"; };
		85D941C215BBAACE009EF609 /* NLFacebookFriend.m */ = {isa = PBXFileReference; fileEncoding = 4; lastKnownFileType = sourcecode.c.objc; path = NLFacebookFriend.m; sourceTree = "<group>"; };
		85D941C415BBAC6C009EF609 /* NLFacebookFriendFactory.h */ = {isa = PBXFileReference; fileEncoding = 4; lastKnownFileType = sourcecode.c.h; path = NLFacebookFriendFactory.h; sourceTree = "<group>"; };
		85D941C515BBAC6C009EF609 /* NLFacebookFriendFactory.m */ = {isa = PBXFileReference; fileEncoding = 4; lastKnownFileType = sourcecode.c.objc; path = NLFacebookFriendFactory.m; sourceTree = "<group>"; };
		85F8F3C515EB057100C14754 /* iRate.h */ = {isa = PBXFileReference; fileEncoding = 4; lastKnownFileType = sourcecode.c.h; path = iRate.h; sourceTree = "<group>"; };
		85F8F3C615EB057100C14754 /* iRate.m */ = {isa = PBXFileReference; fileEncoding = 4; lastKnownFileType = sourcecode.c.objc; path = iRate.m; sourceTree = "<group>"; };
		85F8F3C915EB0B4300C14754 /* NLPopularResultsViewController.h */ = {isa = PBXFileReference; fileEncoding = 4; lastKnownFileType = sourcecode.c.h; path = NLPopularResultsViewController.h; sourceTree = "<group>"; };
		85F8F3CA15EB0B4300C14754 /* NLPopularResultsViewController.m */ = {isa = PBXFileReference; fileEncoding = 4; lastKnownFileType = sourcecode.c.objc; path = NLPopularResultsViewController.m; sourceTree = "<group>"; };
		85F8F3F815F55B8400C14754 /* add_to_playlist_background@2x.png */ = {isa = PBXFileReference; lastKnownFileType = image.png; name = "add_to_playlist_background@2x.png"; path = "Assets/add_to_playlist_background@2x.png"; sourceTree = "<group>"; };
		85F8F3F915F55B8400C14754 /* arrow_background_highlighted@2x.png */ = {isa = PBXFileReference; lastKnownFileType = image.png; name = "arrow_background_highlighted@2x.png"; path = "Assets/arrow_background_highlighted@2x.png"; sourceTree = "<group>"; };
		85F8F3FA15F55B8400C14754 /* arrow_background_selected@2x.png */ = {isa = PBXFileReference; lastKnownFileType = image.png; name = "arrow_background_selected@2x.png"; path = "Assets/arrow_background_selected@2x.png"; sourceTree = "<group>"; };
		85F8F3FB15F55B8400C14754 /* arrow_background@2x.png */ = {isa = PBXFileReference; lastKnownFileType = image.png; name = "arrow_background@2x.png"; path = "Assets/arrow_background@2x.png"; sourceTree = "<group>"; };
		85F8F3FC15F55B8400C14754 /* arrow_highlighted@2x.png */ = {isa = PBXFileReference; lastKnownFileType = image.png; name = "arrow_highlighted@2x.png"; path = "Assets/arrow_highlighted@2x.png"; sourceTree = "<group>"; };
		85F8F3FD15F55B8400C14754 /* arrow_pressed@2x.png */ = {isa = PBXFileReference; lastKnownFileType = image.png; name = "arrow_pressed@2x.png"; path = "Assets/arrow_pressed@2x.png"; sourceTree = "<group>"; };
		85F8F3FE15F55B8400C14754 /* arrow@2x.png */ = {isa = PBXFileReference; lastKnownFileType = image.png; name = "arrow@2x.png"; path = "Assets/arrow@2x.png"; sourceTree = "<group>"; };
		85F8F3FF15F55B8400C14754 /* background@2x.png */ = {isa = PBXFileReference; lastKnownFileType = image.png; name = "background@2x.png"; path = "Assets/background@2x.png"; sourceTree = "<group>"; };
		85F8F40015F55B8400C14754 /* continuous_pressed@2x.png */ = {isa = PBXFileReference; lastKnownFileType = image.png; name = "continuous_pressed@2x.png"; path = "Assets/continuous_pressed@2x.png"; sourceTree = "<group>"; };
		85F8F40115F55B8400C14754 /* continuous@2x.png */ = {isa = PBXFileReference; lastKnownFileType = image.png; name = "continuous@2x.png"; path = "Assets/continuous@2x.png"; sourceTree = "<group>"; };
		85F8F40215F55B8400C14754 /* loading_close_btn.png */ = {isa = PBXFileReference; lastKnownFileType = image.png; name = loading_close_btn.png; path = Assets/loading_close_btn.png; sourceTree = "<group>"; };
		85F8F40315F55B8400C14754 /* loading_close_btn@2x.png */ = {isa = PBXFileReference; lastKnownFileType = image.png; name = "loading_close_btn@2x.png"; path = "Assets/loading_close_btn@2x.png"; sourceTree = "<group>"; };
		85F8F40415F55B8400C14754 /* playlist_bar_background@2x.png */ = {isa = PBXFileReference; lastKnownFileType = image.png; name = "playlist_bar_background@2x.png"; path = "Assets/playlist_bar_background@2x.png"; sourceTree = "<group>"; };
		85F8F40515F55B8400C14754 /* playlist_bar_top_shadow@2x.png */ = {isa = PBXFileReference; lastKnownFileType = image.png; name = "playlist_bar_top_shadow@2x.png"; path = "Assets/playlist_bar_top_shadow@2x.png"; sourceTree = "<group>"; };
		85F8F40615F55B8400C14754 /* playlist_bar@2x.png */ = {isa = PBXFileReference; lastKnownFileType = image.png; name = "playlist_bar@2x.png"; path = "Assets/playlist_bar@2x.png"; sourceTree = "<group>"; };
		85F8F40715F55B8400C14754 /* playlist_cell_selected@2x.png */ = {isa = PBXFileReference; lastKnownFileType = image.png; name = "playlist_cell_selected@2x.png"; path = "Assets/playlist_cell_selected@2x.png"; sourceTree = "<group>"; };
		85F8F40815F55B8400C14754 /* playlist_cell@2x.png */ = {isa = PBXFileReference; lastKnownFileType = image.png; name = "playlist_cell@2x.png"; path = "Assets/playlist_cell@2x.png"; sourceTree = "<group>"; };
		85F8F40A15F55B8400C14754 /* shuffle_pressed@2x.png */ = {isa = PBXFileReference; lastKnownFileType = image.png; name = "shuffle_pressed@2x.png"; path = "Assets/shuffle_pressed@2x.png"; sourceTree = "<group>"; };
		85F8F40B15F55B8400C14754 /* shuffle@2x.png */ = {isa = PBXFileReference; lastKnownFileType = image.png; name = "shuffle@2x.png"; path = "Assets/shuffle@2x.png"; sourceTree = "<group>"; };
		85F8F40C15F55B8400C14754 /* slider_maximum.png */ = {isa = PBXFileReference; lastKnownFileType = image.png; name = slider_maximum.png; path = Assets/slider_maximum.png; sourceTree = "<group>"; };
		85F8F40D15F55B8400C14754 /* slider_minimum.png */ = {isa = PBXFileReference; lastKnownFileType = image.png; name = slider_minimum.png; path = Assets/slider_minimum.png; sourceTree = "<group>"; };
		85F8F42415F95CEE00C14754 /* NSMutableArray+Shuffle.h */ = {isa = PBXFileReference; fileEncoding = 4; lastKnownFileType = sourcecode.c.h; path = "NSMutableArray+Shuffle.h"; sourceTree = "<group>"; };
		85F8F42515F95CEF00C14754 /* NSMutableArray+Shuffle.m */ = {isa = PBXFileReference; fileEncoding = 4; lastKnownFileType = sourcecode.c.objc; path = "NSMutableArray+Shuffle.m"; sourceTree = "<group>"; };
		85F8F42715F99EC900C14754 /* UIView+Shadow.h */ = {isa = PBXFileReference; fileEncoding = 4; lastKnownFileType = sourcecode.c.h; path = "UIView+Shadow.h"; sourceTree = "<group>"; };
		85F8F42815F99EC900C14754 /* UIView+Shadow.m */ = {isa = PBXFileReference; fileEncoding = 4; lastKnownFileType = sourcecode.c.objc; path = "UIView+Shadow.m"; sourceTree = "<group>"; };
		85F8F42A15FA99BD00C14754 /* NLVideoPlayerViewController.h */ = {isa = PBXFileReference; fileEncoding = 4; lastKnownFileType = sourcecode.c.h; path = NLVideoPlayerViewController.h; sourceTree = "<group>"; };
		85F8F42B15FA99BD00C14754 /* NLVideoPlayerViewController.m */ = {isa = PBXFileReference; fileEncoding = 4; lastKnownFileType = sourcecode.c.objc; path = NLVideoPlayerViewController.m; sourceTree = "<group>"; };
		85F8F42D15FE86D400C14754 /* icon_button@2x.png */ = {isa = PBXFileReference; lastKnownFileType = image.png; name = "icon_button@2x.png"; path = "Assets/icon_button@2x.png"; sourceTree = "<group>"; };
		85F8F43215FE86D900C14754 /* my_friends@2x.png */ = {isa = PBXFileReference; lastKnownFileType = image.png; name = "my_friends@2x.png"; path = "Assets/my_friends@2x.png"; sourceTree = "<group>"; };
		85F8F43315FE86D900C14754 /* placeholder_background@2x.png */ = {isa = PBXFileReference; lastKnownFileType = image.png; name = "placeholder_background@2x.png"; path = "Assets/placeholder_background@2x.png"; sourceTree = "<group>"; };
		85F8F43415FE86D900C14754 /* placeholder_shadow@2x.png */ = {isa = PBXFileReference; lastKnownFileType = image.png; name = "placeholder_shadow@2x.png"; path = "Assets/placeholder_shadow@2x.png"; sourceTree = "<group>"; };
		85F8F43515FE86DA00C14754 /* popular_songs@2x.png */ = {isa = PBXFileReference; lastKnownFileType = image.png; name = "popular_songs@2x.png"; path = "Assets/popular_songs@2x.png"; sourceTree = "<group>"; };
		85F8F43615FE86DB00C14754 /* search_music@2x.png */ = {isa = PBXFileReference; lastKnownFileType = image.png; name = "search_music@2x.png"; path = "Assets/search_music@2x.png"; sourceTree = "<group>"; };
		85F8F44516013E3600C14754 /* add_to_playlist_background.png */ = {isa = PBXFileReference; lastKnownFileType = image.png; name = add_to_playlist_background.png; path = Assets/add_to_playlist_background.png; sourceTree = "<group>"; };
		85F8F44616013E3800C14754 /* arrow_background_highlighted.png */ = {isa = PBXFileReference; lastKnownFileType = image.png; name = arrow_background_highlighted.png; path = Assets/arrow_background_highlighted.png; sourceTree = "<group>"; };
		85F8F44716013E3A00C14754 /* arrow_background_selected.png */ = {isa = PBXFileReference; lastKnownFileType = image.png; name = arrow_background_selected.png; path = Assets/arrow_background_selected.png; sourceTree = "<group>"; };
		85F8F44816013E3A00C14754 /* arrow_background.png */ = {isa = PBXFileReference; lastKnownFileType = image.png; name = arrow_background.png; path = Assets/arrow_background.png; sourceTree = "<group>"; };
		85F8F44916013E3B00C14754 /* arrow_highlighted.png */ = {isa = PBXFileReference; lastKnownFileType = image.png; name = arrow_highlighted.png; path = Assets/arrow_highlighted.png; sourceTree = "<group>"; };
		85F8F44A16013E3C00C14754 /* arrow_pressed.png */ = {isa = PBXFileReference; lastKnownFileType = image.png; name = arrow_pressed.png; path = Assets/arrow_pressed.png; sourceTree = "<group>"; };
		85F8F44B16013E3D00C14754 /* arrow.png */ = {isa = PBXFileReference; lastKnownFileType = image.png; name = arrow.png; path = Assets/arrow.png; sourceTree = "<group>"; };
		85F8F44C16013E3F00C14754 /* background.png */ = {isa = PBXFileReference; lastKnownFileType = image.png; name = background.png; path = Assets/background.png; sourceTree = "<group>"; };
		85F8F44D16013E3F00C14754 /* continuous_pressed.png */ = {isa = PBXFileReference; lastKnownFileType = image.png; name = continuous_pressed.png; path = Assets/continuous_pressed.png; sourceTree = "<group>"; };
		85F8F44E16013E4000C14754 /* continuous.png */ = {isa = PBXFileReference; lastKnownFileType = image.png; name = continuous.png; path = Assets/continuous.png; sourceTree = "<group>"; };
		85F8F44F16013E4100C14754 /* delete_button.png */ = {isa = PBXFileReference; lastKnownFileType = image.png; name = delete_button.png; path = Assets/delete_button.png; sourceTree = "<group>"; };
		85F8F45016013E4200C14754 /* delete_button@2x.png */ = {isa = PBXFileReference; lastKnownFileType = image.png; name = "delete_button@2x.png"; path = "Assets/delete_button@2x.png"; sourceTree = "<group>"; };
		85F8F45116013E4300C14754 /* icon_button.png */ = {isa = PBXFileReference; lastKnownFileType = image.png; name = icon_button.png; path = Assets/icon_button.png; sourceTree = "<group>"; };
		85F8F45216013E4400C14754 /* my_friends.png */ = {isa = PBXFileReference; lastKnownFileType = image.png; name = my_friends.png; path = Assets/my_friends.png; sourceTree = "<group>"; };
		85F8F45316013E4500C14754 /* placeholder_background.png */ = {isa = PBXFileReference; lastKnownFileType = image.png; name = placeholder_background.png; path = Assets/placeholder_background.png; sourceTree = "<group>"; };
		85F8F45416013E4500C14754 /* placeholder_shadow.png */ = {isa = PBXFileReference; lastKnownFileType = image.png; name = placeholder_shadow.png; path = Assets/placeholder_shadow.png; sourceTree = "<group>"; };
		85F8F45516013E4700C14754 /* playlist_bar_background.png */ = {isa = PBXFileReference; lastKnownFileType = image.png; name = playlist_bar_background.png; path = Assets/playlist_bar_background.png; sourceTree = "<group>"; };
		85F8F45616013E4700C14754 /* playlist_bar_top_shadow.png */ = {isa = PBXFileReference; lastKnownFileType = image.png; name = playlist_bar_top_shadow.png; path = Assets/playlist_bar_top_shadow.png; sourceTree = "<group>"; };
		85F8F45716013E4800C14754 /* playlist_bar.png */ = {isa = PBXFileReference; lastKnownFileType = image.png; name = playlist_bar.png; path = Assets/playlist_bar.png; sourceTree = "<group>"; };
		85F8F45816013E4900C14754 /* playlist_cell_selected.png */ = {isa = PBXFileReference; lastKnownFileType = image.png; name = playlist_cell_selected.png; path = Assets/playlist_cell_selected.png; sourceTree = "<group>"; };
		85F8F45916013E4A00C14754 /* playlist_cell.png */ = {isa = PBXFileReference; lastKnownFileType = image.png; name = playlist_cell.png; path = Assets/playlist_cell.png; sourceTree = "<group>"; };
		85F8F45A16013E4B00C14754 /* popular_songs.png */ = {isa = PBXFileReference; lastKnownFileType = image.png; name = popular_songs.png; path = Assets/popular_songs.png; sourceTree = "<group>"; };
		85F8F45B16013E4B00C14754 /* search_music.png */ = {isa = PBXFileReference; lastKnownFileType = image.png; name = search_music.png; path = Assets/search_music.png; sourceTree = "<group>"; };
		85F8F45C16013E4D00C14754 /* shuffle_pressed.png */ = {isa = PBXFileReference; lastKnownFileType = image.png; name = shuffle_pressed.png; path = Assets/shuffle_pressed.png; sourceTree = "<group>"; };
		85F8F45D16013E4D00C14754 /* shuffle.png */ = {isa = PBXFileReference; lastKnownFileType = image.png; name = shuffle.png; path = Assets/shuffle.png; sourceTree = "<group>"; };
		85F8F45E16013E4E00C14754 /* splash.png */ = {isa = PBXFileReference; lastKnownFileType = image.png; name = splash.png; path = Assets/splash.png; sourceTree = "<group>"; };
		85F8F45F16013E4F00C14754 /* splash@2x.png */ = {isa = PBXFileReference; lastKnownFileType = image.png; name = "splash@2x.png"; path = "Assets/splash@2x.png"; sourceTree = "<group>"; };
		85FB37011603D3EC001B7DC9 /* Icon.png */ = {isa = PBXFileReference; lastKnownFileType = image.png; name = Icon.png; path = Assets/Icon.png; sourceTree = "<group>"; };
		85FB37021603D3EC001B7DC9 /* Icon@2x.png */ = {isa = PBXFileReference; lastKnownFileType = image.png; name = "Icon@2x.png"; path = "Assets/Icon@2x.png"; sourceTree = "<group>"; };
		85FB37071603FBD8001B7DC9 /* Icon-Small.png */ = {isa = PBXFileReference; lastKnownFileType = image.png; name = "Icon-Small.png"; path = "Assets/Icon-Small.png"; sourceTree = "<group>"; };
		85FB37081603FBD8001B7DC9 /* Icon-Small@2x.png */ = {isa = PBXFileReference; lastKnownFileType = image.png; name = "Icon-Small@2x.png"; path = "Assets/Icon-Small@2x.png"; sourceTree = "<group>"; };
		85FB370B1603FC4C001B7DC9 /* iTunesArtwork */ = {isa = PBXFileReference; lastKnownFileType = file; name = iTunesArtwork; path = Assets/iTunesArtwork; sourceTree = "<group>"; };
		85FB458B15D4CAA200349534 /* NSArray+Videos.h */ = {isa = PBXFileReference; fileEncoding = 4; lastKnownFileType = sourcecode.c.h; path = "NSArray+Videos.h"; sourceTree = "<group>"; };
		85FB458C15D4CAA200349534 /* NSArray+Videos.m */ = {isa = PBXFileReference; fileEncoding = 4; lastKnownFileType = sourcecode.c.objc; path = "NSArray+Videos.m"; sourceTree = "<group>"; };
		85FB45B315DCB58600349534 /* NLContainerViewController.h */ = {isa = PBXFileReference; fileEncoding = 4; lastKnownFileType = sourcecode.c.h; path = NLContainerViewController.h; sourceTree = "<group>"; };
		85FB45B415DCB58600349534 /* NLContainerViewController.m */ = {isa = PBXFileReference; fileEncoding = 4; lastKnownFileType = sourcecode.c.objc; path = NLContainerViewController.m; sourceTree = "<group>"; };
		85FB45B615DDF3E200349534 /* NLUtils.h */ = {isa = PBXFileReference; fileEncoding = 4; lastKnownFileType = sourcecode.c.h; path = NLUtils.h; sourceTree = "<group>"; };
		85FB45B715DDF3E200349534 /* NLUtils.m */ = {isa = PBXFileReference; fileEncoding = 4; lastKnownFileType = sourcecode.c.objc; path = NLUtils.m; sourceTree = "<group>"; };
		85FB45D415E0CB7000349534 /* UIColor+NLColors.h */ = {isa = PBXFileReference; fileEncoding = 4; lastKnownFileType = sourcecode.c.h; path = "UIColor+NLColors.h"; sourceTree = "<group>"; };
		85FB45D515E0CB7000349534 /* UIColor+NLColors.m */ = {isa = PBXFileReference; fileEncoding = 4; lastKnownFileType = sourcecode.c.objc; path = "UIColor+NLColors.m"; sourceTree = "<group>"; };
		85FB45DF15E1CAA300349534 /* NLSearchQueriesFactory.h */ = {isa = PBXFileReference; fileEncoding = 4; lastKnownFileType = sourcecode.c.h; path = NLSearchQueriesFactory.h; sourceTree = "<group>"; };
		85FB45E215E1DB3C00349534 /* NLSearchQueriesFactory.m */ = {isa = PBXFileReference; fileEncoding = 4; lastKnownFileType = sourcecode.c.objc; path = NLSearchQueriesFactory.m; sourceTree = "<group>"; };
		85FB45ED15E4520200349534 /* NLVideoLoadingView.h */ = {isa = PBXFileReference; fileEncoding = 4; lastKnownFileType = sourcecode.c.h; path = NLVideoLoadingView.h; sourceTree = "<group>"; };
		85FB45EE15E4520200349534 /* NLVideoLoadingView.m */ = {isa = PBXFileReference; fileEncoding = 4; lastKnownFileType = sourcecode.c.objc; path = NLVideoLoadingView.m; sourceTree = "<group>"; };
/* End PBXFileReference section */

/* Begin PBXFrameworksBuildPhase section */
		853FEB1015BB8561002A1EB5 /* Frameworks */ = {
			isa = PBXFrameworksBuildPhase;
			buildActionMask = 2147483647;
			files = (
				855774C6161BF9C80024D194 /* AVFoundation.framework in Frameworks */,
				853B2AF216018419005D1659 /* libfacebook_ios_sdk.a in Frameworks */,
				85D941BB15BBA5A1009EF609 /* QuartzCore.framework in Frameworks */,
				853FEB1815BB8561002A1EB5 /* UIKit.framework in Frameworks */,
				853FEB1A15BB8561002A1EB5 /* Foundation.framework in Frameworks */,
				853FEB1C15BB8561002A1EB5 /* CoreGraphics.framework in Frameworks */,
			);
			runOnlyForDeploymentPostprocessing = 0;
		};
/* End PBXFrameworksBuildPhase section */

/* Begin PBXGroup section */
		853FEB0815BB8560002A1EB5 = {
			isa = PBXGroup;
			children = (
				853B2AEF160180C0005D1659 /* Default-568h@2x.png */,
				85D9419215BB97F7009EF609 /* Libraries */,
				853FEB4D15BB8FE1002A1EB5 /* Managers */,
				853FEB3715BB88D5002A1EB5 /* Categories */,
				853FEB3615BB88D0002A1EB5 /* Views */,
				85D941C015BBAA76009EF609 /* Factories */,
				853FEB3515BB88CB002A1EB5 /* Models */,
				853FEB3415BB88BD002A1EB5 /* View Controllers */,
				853FEB5415BB92B7002A1EB5 /* Base Classes */,
				85FB45BD15E05E4C00349534 /* Resources */,
				853FEB1E15BB8561002A1EB5 /* Supporting Files */,
				853FEB1615BB8561002A1EB5 /* Frameworks */,
				853FEB1415BB8561002A1EB5 /* Products */,
			);
			sourceTree = "<group>";
		};
		853FEB1415BB8561002A1EB5 /* Products */ = {
			isa = PBXGroup;
			children = (
				853FEB1315BB8561002A1EB5 /* Playor.app */,
			);
			name = Products;
			sourceTree = "<group>";
		};
		853FEB1615BB8561002A1EB5 /* Frameworks */ = {
			isa = PBXGroup;
			children = (
				855774C5161BF9C80024D194 /* AVFoundation.framework */,
				85D941BA15BBA5A1009EF609 /* QuartzCore.framework */,
				853FEB1715BB8561002A1EB5 /* UIKit.framework */,
				853FEB1915BB8561002A1EB5 /* Foundation.framework */,
				853FEB1B15BB8561002A1EB5 /* CoreGraphics.framework */,
			);
			name = Frameworks;
			sourceTree = "<group>";
		};
		853FEB1E15BB8561002A1EB5 /* Supporting Files */ = {
			isa = PBXGroup;
			children = (
				853FEB1F15BB8561002A1EB5 /* Noctis-Info.plist */,
				853FEB2015BB8561002A1EB5 /* InfoPlist.strings */,
				853FEB2315BB8561002A1EB5 /* main.m */,
				853FEB2515BB8561002A1EB5 /* Noctis-Prefix.pch */,
			);
			name = "Supporting Files";
			path = Noctis;
			sourceTree = "<group>";
		};
		853FEB3415BB88BD002A1EB5 /* View Controllers */ = {
			isa = PBXGroup;
			children = (
				8595692615E9C179005A89F3 /* NLControllerChooserViewController.h */,
				8595692715E9C179005A89F3 /* NLControllerChooserViewController.m */,
				85FB45B315DCB58600349534 /* NLContainerViewController.h */,
				85FB45B415DCB58600349534 /* NLContainerViewController.m */,
				8595692A15E9C17F005A89F3 /* Youtube Search View Controllers */,
				8595692B15E9C18D005A89F3 /* Friends Music View Controllers */,
				85F8F3C815EB0B0B00C14754 /* Youtube Popular Songs View Controllers */,
				8595692C15E9C1A1005A89F3 /* Playlist Bar View Controllers */,
			);
			name = "View Controllers";
			sourceTree = "<group>";
		};
		853FEB3515BB88CB002A1EB5 /* Models */ = {
			isa = PBXGroup;
			children = (
				85D941C115BBAACE009EF609 /* NLFacebookFriend.h */,
				85D941C215BBAACE009EF609 /* NLFacebookFriend.m */,
				856AF8EC15BC8EB700529F5C /* NLYoutubeVideo.h */,
				856AF8ED15BC8EB700529F5C /* NLYoutubeVideo.m */,
				85B55CA315CA36FD00C17639 /* NLPlaylist.h */,
				85B55CA415CA36FD00C17639 /* NLPlaylist.m */,
			);
			name = Models;
			sourceTree = "<group>";
		};
		853FEB3615BB88D0002A1EB5 /* Views */ = {
			isa = PBXGroup;
			children = (
				85FB45ED15E4520200349534 /* NLVideoLoadingView.h */,
				85FB45EE15E4520200349534 /* NLVideoLoadingView.m */,
			);
			name = Views;
			sourceTree = "<group>";
		};
		853FEB3715BB88D5002A1EB5 /* Categories */ = {
			isa = PBXGroup;
			children = (
				85FB458B15D4CAA200349534 /* NSArray+Videos.h */,
				85FB458C15D4CAA200349534 /* NSArray+Videos.m */,
				85FB45D415E0CB7000349534 /* UIColor+NLColors.h */,
				85FB45D515E0CB7000349534 /* UIColor+NLColors.m */,
				85F8F42415F95CEE00C14754 /* NSMutableArray+Shuffle.h */,
				85F8F42515F95CEF00C14754 /* NSMutableArray+Shuffle.m */,
				85F8F42715F99EC900C14754 /* UIView+Shadow.h */,
				85F8F42815F99EC900C14754 /* UIView+Shadow.m */,
			);
			name = Categories;
			sourceTree = "<group>";
		};
		853FEB4D15BB8FE1002A1EB5 /* Managers */ = {
			isa = PBXGroup;
			children = (
				853FEB6F15BB9588002A1EB5 /* NLFacebookManager.h */,
				853FEB7015BB9588002A1EB5 /* NLFacebookManager.m */,
				856AF91E15BE650400529F5C /* NLURLConnectionManager.h */,
				856AF91F15BE650400529F5C /* NLURLConnectionManager.m */,
				85B55CB015CF66E200C17639 /* NLPlaylistManager.h */,
				85B55CB115CF66E200C17639 /* NLPlaylistManager.m */,
			);
			name = Managers;
			sourceTree = "<group>";
		};
		853FEB5415BB92B7002A1EB5 /* Base Classes */ = {
			isa = PBXGroup;
			children = (
				853FEB2915BB8561002A1EB5 /* NLViewController.h */,
				853FEB2A15BB8561002A1EB5 /* NLViewController.m */,
				853FEB2615BB8561002A1EB5 /* NLAppDelegate.h */,
				853FEB2715BB8561002A1EB5 /* NLAppDelegate.m */,
				85FB45B615DDF3E200349534 /* NLUtils.h */,
				85FB45B715DDF3E200349534 /* NLUtils.m */,
				8505AB8B15E61A2200DC1B69 /* NLYoutubeResultsViewController.h */,
				8505AB8C15E61A2200DC1B69 /* NLYoutubeResultsViewController.m */,
				85F8F42A15FA99BD00C14754 /* NLVideoPlayerViewController.h */,
				85F8F42B15FA99BD00C14754 /* NLVideoPlayerViewController.m */,
			);
			name = "Base Classes";
			sourceTree = "<group>";
		};
		856AF8DE15BC612500529F5C /* FXImageView */ = {
			isa = PBXGroup;
			children = (
				856AF8E015BC616100529F5C /* FXImageView.h */,
				856AF8E115BC616100529F5C /* FXImageView.m */,
				856AF8E215BC616100529F5C /* UIImage+FX.h */,
				856AF8E315BC616100529F5C /* UIImage+FX.m */,
			);
			name = FXImageView;
			sourceTree = "<group>";
		};
		856AF8F815BE528E00529F5C /* SBJson */ = {
			isa = PBXGroup;
			children = (
				856AF8F915BE52A100529F5C /* NSObject+SBJson.h */,
				856AF8FA15BE52A100529F5C /* NSObject+SBJson.m */,
				856AF8FB15BE52A100529F5C /* SBJson.h */,
				856AF8FC15BE52A100529F5C /* SBJsonParser.h */,
				856AF8FD15BE52A100529F5C /* SBJsonParser.m */,
				856AF8FE15BE52A100529F5C /* SBJsonStreamParser.h */,
				856AF8FF15BE52A100529F5C /* SBJsonStreamParser.m */,
				856AF90015BE52A100529F5C /* SBJsonStreamParserAccumulator.h */,
				856AF90115BE52A100529F5C /* SBJsonStreamParserAccumulator.m */,
				856AF90215BE52A100529F5C /* SBJsonStreamParserAdapter.h */,
				856AF90315BE52A100529F5C /* SBJsonStreamParserAdapter.m */,
				856AF90415BE52A100529F5C /* SBJsonStreamParserState.h */,
				856AF90515BE52A100529F5C /* SBJsonStreamParserState.m */,
				856AF90615BE52A100529F5C /* SBJsonStreamWriter.h */,
				856AF90715BE52A100529F5C /* SBJsonStreamWriter.m */,
				856AF90815BE52A100529F5C /* SBJsonStreamWriterAccumulator.h */,
				856AF90915BE52A100529F5C /* SBJsonStreamWriterAccumulator.m */,
				856AF90A15BE52A100529F5C /* SBJsonStreamWriterState.h */,
				856AF90B15BE52A100529F5C /* SBJsonStreamWriterState.m */,
				856AF90C15BE52A100529F5C /* SBJsonTokeniser.h */,
				856AF90D15BE52A100529F5C /* SBJsonTokeniser.m */,
				856AF90E15BE52A100529F5C /* SBJsonUTF8Stream.h */,
				856AF90F15BE52A100529F5C /* SBJsonUTF8Stream.m */,
				856AF91015BE52A100529F5C /* SBJsonWriter.h */,
				856AF91115BE52A100529F5C /* SBJsonWriter.m */,
			);
			name = SBJson;
			sourceTree = "<group>";
		};
		8595692A15E9C17F005A89F3 /* Youtube Search View Controllers */ = {
			isa = PBXGroup;
			children = (
				8505AB8815E600E000DC1B69 /* NLYoutubeSearchViewController.h */,
				8505AB8915E600E000DC1B69 /* NLYoutubeSearchViewController.m */,
			);
			name = "Youtube Search View Controllers";
			sourceTree = "<group>";
		};
		8595692B15E9C18D005A89F3 /* Friends Music View Controllers */ = {
			isa = PBXGroup;
			children = (
				85D941A915BB9EF8009EF609 /* NLFriendsViewController.h */,
				85D941AA15BB9EF8009EF609 /* NLFriendsViewController.m */,
				856AF8E615BC7CD100529F5C /* NLFriendsDetailViewController.h */,
				856AF8E715BC7CD100529F5C /* NLFriendsDetailViewController.m */,
			);
			name = "Friends Music View Controllers";
			sourceTree = "<group>";
		};
		8595692C15E9C1A1005A89F3 /* Playlist Bar View Controllers */ = {
			isa = PBXGroup;
			children = (
				856AF96315C0C59300529F5C /* NLPlaylistBarViewController.h */,
				856AF96415C0C59400529F5C /* NLPlaylistBarViewController.m */,
				85B55CAD15CF5D5400C17639 /* NLPlaylistEditorViewController.h */,
				85B55CAE15CF5D5400C17639 /* NLPlaylistEditorViewController.m */,
			);
			name = "Playlist Bar View Controllers";
			sourceTree = "<group>";
		};
		85D9419215BB97F7009EF609 /* Libraries */ = {
			isa = PBXGroup;
			children = (
				85F8F3C415EB055900C14754 /* iRate */,
				856AF8F815BE528E00529F5C /* SBJson */,
				856AF8DE15BC612500529F5C /* FXImageView */,
				85D941B615BBA526009EF609 /* iCarousel */,
				85D9419915BB989C009EF609 /* facebook-ios-sdk */,
			);
			name = Libraries;
			sourceTree = "<group>";
		};
		85D9419915BB989C009EF609 /* facebook-ios-sdk */ = {
			isa = PBXGroup;
			children = (
				85D9419715BB987A009EF609 /* libfacebook_ios_sdk.a */,
				85D9419A15BB98B1009EF609 /* Facebook.h */,
				85D9419B15BB98B1009EF609 /* FBConnect.h */,
				85D9419C15BB98B1009EF609 /* FBDialog.bundle */,
				85D9419D15BB98B1009EF609 /* FBDialog.h */,
				85D9419E15BB98B1009EF609 /* FBFrictionlessRequestSettings.h */,
				85D9419F15BB98B1009EF609 /* FBLoginDialog.h */,
				85D941A015BB98B1009EF609 /* FBRequest.h */,
				85D941A115BB98B1009EF609 /* JSON.h */,
			);
			name = "facebook-ios-sdk";
			sourceTree = "<group>";
		};
		85D941B615BBA526009EF609 /* iCarousel */ = {
			isa = PBXGroup;
			children = (
				85D941B715BBA535009EF609 /* iCarousel.h */,
				85D941B815BBA535009EF609 /* iCarousel.m */,
			);
			name = iCarousel;
			sourceTree = "<group>";
		};
		85D941C015BBAA76009EF609 /* Factories */ = {
			isa = PBXGroup;
			children = (
				85D941C415BBAC6C009EF609 /* NLFacebookFriendFactory.h */,
				85D941C515BBAC6C009EF609 /* NLFacebookFriendFactory.m */,
				856AF8E915BC8E5200529F5C /* NLYoutubeLinksFactory.h */,
				856AF8EA15BC8E5200529F5C /* NLYoutubeLinksFactory.m */,
				856AF8F315BE467B00529F5C /* NLYoutubeLinksFromFBLikesFactory.h */,
				856AF8F415BE467C00529F5C /* NLYoutubeLinksFromFBLikesFactory.m */,
				85FB45DF15E1CAA300349534 /* NLSearchQueriesFactory.h */,
				85FB45E215E1DB3C00349534 /* NLSearchQueriesFactory.m */,
			);
			name = Factories;
			sourceTree = "<group>";
		};
		85F8F3C415EB055900C14754 /* iRate */ = {
			isa = PBXGroup;
			children = (
				85F8F3C515EB057100C14754 /* iRate.h */,
				85F8F3C615EB057100C14754 /* iRate.m */,
			);
			name = iRate;
			sourceTree = "<group>";
		};
		85F8F3C815EB0B0B00C14754 /* Youtube Popular Songs View Controllers */ = {
			isa = PBXGroup;
			children = (
				85F8F3C915EB0B4300C14754 /* NLPopularResultsViewController.h */,
				85F8F3CA15EB0B4300C14754 /* NLPopularResultsViewController.m */,
			);
			name = "Youtube Popular Songs View Controllers";
			sourceTree = "<group>";
		};
		85FB45BD15E05E4C00349534 /* Resources */ = {
			isa = PBXGroup;
			children = (
				85FB370B1603FC4C001B7DC9 /* iTunesArtwork */,
				85FB37071603FBD8001B7DC9 /* Icon-Small.png */,
				85FB37081603FBD8001B7DC9 /* Icon-Small@2x.png */,
				85FB37011603D3EC001B7DC9 /* Icon.png */,
				85FB37021603D3EC001B7DC9 /* Icon@2x.png */,
				85F8F44516013E3600C14754 /* add_to_playlist_background.png */,
				85F8F44616013E3800C14754 /* arrow_background_highlighted.png */,
				85F8F44716013E3A00C14754 /* arrow_background_selected.png */,
				85F8F44816013E3A00C14754 /* arrow_background.png */,
				85F8F44916013E3B00C14754 /* arrow_highlighted.png */,
				85F8F44A16013E3C00C14754 /* arrow_pressed.png */,
				85F8F44B16013E3D00C14754 /* arrow.png */,
				85F8F44C16013E3F00C14754 /* background.png */,
				85F8F44D16013E3F00C14754 /* continuous_pressed.png */,
				85F8F44E16013E4000C14754 /* continuous.png */,
				85F8F44F16013E4100C14754 /* delete_button.png */,
				85F8F45016013E4200C14754 /* delete_button@2x.png */,
				85F8F45116013E4300C14754 /* icon_button.png */,
				85F8F45216013E4400C14754 /* my_friends.png */,
				85F8F45316013E4500C14754 /* placeholder_background.png */,
				85F8F45416013E4500C14754 /* placeholder_shadow.png */,
				85F8F45516013E4700C14754 /* playlist_bar_background.png */,
				85F8F45616013E4700C14754 /* playlist_bar_top_shadow.png */,
				85F8F45716013E4800C14754 /* playlist_bar.png */,
				85F8F45816013E4900C14754 /* playlist_cell_selected.png */,
				85F8F45916013E4A00C14754 /* playlist_cell.png */,
				85F8F45A16013E4B00C14754 /* popular_songs.png */,
				85F8F45B16013E4B00C14754 /* search_music.png */,
				85F8F45C16013E4D00C14754 /* shuffle_pressed.png */,
				85F8F45D16013E4D00C14754 /* shuffle.png */,
				85F8F45E16013E4E00C14754 /* splash.png */,
				85F8F45F16013E4F00C14754 /* splash@2x.png */,
				858DE28016040D540061EE87 /* splash-568h@2x.png */,
				85F8F42D15FE86D400C14754 /* icon_button@2x.png */,
				85F8F43215FE86D900C14754 /* my_friends@2x.png */,
				85F8F43315FE86D900C14754 /* placeholder_background@2x.png */,
				85F8F43415FE86D900C14754 /* placeholder_shadow@2x.png */,
				85F8F43515FE86DA00C14754 /* popular_songs@2x.png */,
				85F8F43615FE86DB00C14754 /* search_music@2x.png */,
				85F8F3F815F55B8400C14754 /* add_to_playlist_background@2x.png */,
				85F8F3F915F55B8400C14754 /* arrow_background_highlighted@2x.png */,
				85F8F3FA15F55B8400C14754 /* arrow_background_selected@2x.png */,
				85F8F3FB15F55B8400C14754 /* arrow_background@2x.png */,
				85F8F3FC15F55B8400C14754 /* arrow_highlighted@2x.png */,
				85F8F3FD15F55B8400C14754 /* arrow_pressed@2x.png */,
				85F8F3FE15F55B8400C14754 /* arrow@2x.png */,
				85F8F3FF15F55B8400C14754 /* background@2x.png */,
				85F8F40015F55B8400C14754 /* continuous_pressed@2x.png */,
				85F8F40115F55B8400C14754 /* continuous@2x.png */,
				85F8F40215F55B8400C14754 /* loading_close_btn.png */,
				85F8F40315F55B8400C14754 /* loading_close_btn@2x.png */,
				85F8F40415F55B8400C14754 /* playlist_bar_background@2x.png */,
				85F8F40515F55B8400C14754 /* playlist_bar_top_shadow@2x.png */,
				85F8F40615F55B8400C14754 /* playlist_bar@2x.png */,
				85F8F40715F55B8400C14754 /* playlist_cell_selected@2x.png */,
				85F8F40815F55B8400C14754 /* playlist_cell@2x.png */,
				85F8F40A15F55B8400C14754 /* shuffle_pressed@2x.png */,
				85F8F40B15F55B8400C14754 /* shuffle@2x.png */,
				85F8F40C15F55B8400C14754 /* slider_maximum.png */,
				85F8F40D15F55B8400C14754 /* slider_minimum.png */,
			);
			name = Resources;
			sourceTree = "<group>";
		};
/* End PBXGroup section */

/* Begin PBXNativeTarget section */
		853FEB1215BB8561002A1EB5 /* Noctis */ = {
			isa = PBXNativeTarget;
			buildConfigurationList = 853FEB3115BB8561002A1EB5 /* Build configuration list for PBXNativeTarget "Noctis" */;
			buildPhases = (
				853FEB0F15BB8561002A1EB5 /* Sources */,
				853FEB1015BB8561002A1EB5 /* Frameworks */,
				853FEB1115BB8561002A1EB5 /* Resources */,
			);
			buildRules = (
			);
			dependencies = (
			);
			name = Noctis;
			productName = Noctis;
			productReference = 853FEB1315BB8561002A1EB5 /* Playor.app */;
			productType = "com.apple.product-type.application";
		};
/* End PBXNativeTarget section */

/* Begin PBXProject section */
		853FEB0A15BB8560002A1EB5 /* Project object */ = {
			isa = PBXProject;
			attributes = {
				CLASSPREFIX = NL;
				LastUpgradeCheck = 0430;
			};
			buildConfigurationList = 853FEB0D15BB8560002A1EB5 /* Build configuration list for PBXProject "Noctis" */;
			compatibilityVersion = "Xcode 3.2";
			developmentRegion = English;
			hasScannedForEncodings = 0;
			knownRegions = (
				en,
			);
			mainGroup = 853FEB0815BB8560002A1EB5;
			productRefGroup = 853FEB1415BB8561002A1EB5 /* Products */;
			projectDirPath = "";
			projectRoot = "";
			targets = (
				853FEB1215BB8561002A1EB5 /* Noctis */,
			);
		};
/* End PBXProject section */

/* Begin PBXResourcesBuildPhase section */
		853FEB1115BB8561002A1EB5 /* Resources */ = {
			isa = PBXResourcesBuildPhase;
			buildActionMask = 2147483647;
			files = (
				853FEB2215BB8561002A1EB5 /* InfoPlist.strings in Resources */,
				85D941A815BB98B1009EF609 /* FBDialog.bundle in Resources */,
				85F8F40E15F55B8400C14754 /* add_to_playlist_background@2x.png in Resources */,
				85F8F40F15F55B8400C14754 /* arrow_background_highlighted@2x.png in Resources */,
				85F8F41015F55B8400C14754 /* arrow_background_selected@2x.png in Resources */,
				85F8F41115F55B8400C14754 /* arrow_background@2x.png in Resources */,
				85F8F41215F55B8400C14754 /* arrow_highlighted@2x.png in Resources */,
				85F8F41315F55B8400C14754 /* arrow_pressed@2x.png in Resources */,
				85F8F41415F55B8400C14754 /* arrow@2x.png in Resources */,
				85F8F41515F55B8400C14754 /* background@2x.png in Resources */,
				85F8F41615F55B8400C14754 /* continuous_pressed@2x.png in Resources */,
				85F8F41715F55B8400C14754 /* continuous@2x.png in Resources */,
				85F8F41815F55B8400C14754 /* loading_close_btn.png in Resources */,
				85F8F41915F55B8400C14754 /* loading_close_btn@2x.png in Resources */,
				85F8F41A15F55B8400C14754 /* playlist_bar_background@2x.png in Resources */,
				85F8F41B15F55B8400C14754 /* playlist_bar_top_shadow@2x.png in Resources */,
				85F8F41C15F55B8400C14754 /* playlist_bar@2x.png in Resources */,
				85F8F41D15F55B8400C14754 /* playlist_cell_selected@2x.png in Resources */,
				85F8F41E15F55B8400C14754 /* playlist_cell@2x.png in Resources */,
				85F8F42015F55B8400C14754 /* shuffle_pressed@2x.png in Resources */,
				85F8F42115F55B8400C14754 /* shuffle@2x.png in Resources */,
				85F8F42215F55B8400C14754 /* slider_maximum.png in Resources */,
				85F8F42315F55B8400C14754 /* slider_minimum.png in Resources */,
				85F8F43715FE86DC00C14754 /* icon_button@2x.png in Resources */,
				85F8F43C15FE86DC00C14754 /* my_friends@2x.png in Resources */,
				85F8F43D15FE86DC00C14754 /* placeholder_background@2x.png in Resources */,
				85F8F43E15FE86DC00C14754 /* placeholder_shadow@2x.png in Resources */,
				85F8F43F15FE86DC00C14754 /* popular_songs@2x.png in Resources */,
				85F8F44015FE86DC00C14754 /* search_music@2x.png in Resources */,
				85F8F46016013E5000C14754 /* add_to_playlist_background.png in Resources */,
				85F8F46116013E5000C14754 /* arrow_background_highlighted.png in Resources */,
				85F8F46216013E5000C14754 /* arrow_background_selected.png in Resources */,
				85F8F46316013E5000C14754 /* arrow_background.png in Resources */,
				85F8F46416013E5000C14754 /* arrow_highlighted.png in Resources */,
				85F8F46516013E5000C14754 /* arrow_pressed.png in Resources */,
				85F8F46616013E5000C14754 /* arrow.png in Resources */,
				85F8F46716013E5000C14754 /* background.png in Resources */,
				85F8F46816013E5000C14754 /* continuous_pressed.png in Resources */,
				85F8F46916013E5000C14754 /* continuous.png in Resources */,
				85F8F46A16013E5000C14754 /* delete_button.png in Resources */,
				85F8F46B16013E5000C14754 /* delete_button@2x.png in Resources */,
				85F8F46C16013E5000C14754 /* icon_button.png in Resources */,
				85F8F46D16013E5000C14754 /* my_friends.png in Resources */,
				85F8F46E16013E5000C14754 /* placeholder_background.png in Resources */,
				85F8F46F16013E5000C14754 /* placeholder_shadow.png in Resources */,
				85F8F47016013E5000C14754 /* playlist_bar_background.png in Resources */,
				85F8F47116013E5000C14754 /* playlist_bar_top_shadow.png in Resources */,
				85F8F47216013E5000C14754 /* playlist_bar.png in Resources */,
				85F8F47316013E5000C14754 /* playlist_cell_selected.png in Resources */,
				85F8F47416013E5000C14754 /* playlist_cell.png in Resources */,
				85F8F47516013E5000C14754 /* popular_songs.png in Resources */,
				85F8F47616013E5000C14754 /* search_music.png in Resources */,
				85F8F47716013E5000C14754 /* shuffle_pressed.png in Resources */,
				85F8F47816013E5000C14754 /* shuffle.png in Resources */,
				85F8F47916013E5000C14754 /* splash.png in Resources */,
				85F8F47A16013E5000C14754 /* splash@2x.png in Resources */,
				853B2AF0160180C0005D1659 /* Default-568h@2x.png in Resources */,
				85FB37051603D3EC001B7DC9 /* Icon.png in Resources */,
				85FB37061603D3EC001B7DC9 /* Icon@2x.png in Resources */,
				85FB37091603FBD8001B7DC9 /* Icon-Small.png in Resources */,
				85FB370A1603FBD8001B7DC9 /* Icon-Small@2x.png in Resources */,
				85FB370C1603FC4C001B7DC9 /* iTunesArtwork in Resources */,
				858DE28116040D540061EE87 /* splash-568h@2x.png in Resources */,
			);
			runOnlyForDeploymentPostprocessing = 0;
		};
/* End PBXResourcesBuildPhase section */

/* Begin PBXSourcesBuildPhase section */
		853FEB0F15BB8561002A1EB5 /* Sources */ = {
			isa = PBXSourcesBuildPhase;
			buildActionMask = 2147483647;
			files = (
				853FEB2415BB8561002A1EB5 /* main.m in Sources */,
				853FEB2815BB8561002A1EB5 /* NLAppDelegate.m in Sources */,
				853FEB2B15BB8561002A1EB5 /* NLViewController.m in Sources */,
				853FEB7115BB9588002A1EB5 /* NLFacebookManager.m in Sources */,
				85D941AB15BB9EF8009EF609 /* NLFriendsViewController.m in Sources */,
				85D941B915BBA535009EF609 /* iCarousel.m in Sources */,
				85D941C315BBAACE009EF609 /* NLFacebookFriend.m in Sources */,
				85D941C615BBAC6C009EF609 /* NLFacebookFriendFactory.m in Sources */,
				856AF8E415BC616100529F5C /* FXImageView.m in Sources */,
				856AF8E515BC616100529F5C /* UIImage+FX.m in Sources */,
				856AF8E815BC7CD100529F5C /* NLFriendsDetailViewController.m in Sources */,
				856AF8EB15BC8E5200529F5C /* NLYoutubeLinksFactory.m in Sources */,
				856AF8EE15BC8EB700529F5C /* NLYoutubeVideo.m in Sources */,
				856AF8F515BE467C00529F5C /* NLYoutubeLinksFromFBLikesFactory.m in Sources */,
				856AF91215BE52A100529F5C /* NSObject+SBJson.m in Sources */,
				856AF91315BE52A100529F5C /* SBJsonParser.m in Sources */,
				856AF91415BE52A100529F5C /* SBJsonStreamParser.m in Sources */,
				856AF91515BE52A100529F5C /* SBJsonStreamParserAccumulator.m in Sources */,
				856AF91615BE52A100529F5C /* SBJsonStreamParserAdapter.m in Sources */,
				856AF91715BE52A100529F5C /* SBJsonStreamParserState.m in Sources */,
				856AF91815BE52A100529F5C /* SBJsonStreamWriter.m in Sources */,
				856AF91915BE52A100529F5C /* SBJsonStreamWriterAccumulator.m in Sources */,
				856AF91A15BE52A100529F5C /* SBJsonStreamWriterState.m in Sources */,
				856AF91B15BE52A100529F5C /* SBJsonTokeniser.m in Sources */,
				856AF91C15BE52A100529F5C /* SBJsonUTF8Stream.m in Sources */,
				856AF91D15BE52A100529F5C /* SBJsonWriter.m in Sources */,
				856AF92015BE650400529F5C /* NLURLConnectionManager.m in Sources */,
				856AF96515C0C59400529F5C /* NLPlaylistBarViewController.m in Sources */,
				85B55CA515CA36FD00C17639 /* NLPlaylist.m in Sources */,
				85B55CAF15CF5D5400C17639 /* NLPlaylistEditorViewController.m in Sources */,
				85B55CB215CF66E200C17639 /* NLPlaylistManager.m in Sources */,
				85FB458D15D4CAA200349534 /* NSArray+Videos.m in Sources */,
				85FB45B515DCB58600349534 /* NLContainerViewController.m in Sources */,
				85FB45B815DDF3E200349534 /* NLUtils.m in Sources */,
				85FB45D615E0CB7000349534 /* UIColor+NLColors.m in Sources */,
				85FB45E315E1DB3C00349534 /* NLSearchQueriesFactory.m in Sources */,
				85FB45EF15E4520200349534 /* NLVideoLoadingView.m in Sources */,
				8505AB8A15E600E000DC1B69 /* NLYoutubeSearchViewController.m in Sources */,
				8505AB8D15E61A2200DC1B69 /* NLYoutubeResultsViewController.m in Sources */,
				8595692815E9C179005A89F3 /* NLControllerChooserViewController.m in Sources */,
				85F8F3C715EB057100C14754 /* iRate.m in Sources */,
				85F8F3CB15EB0B4300C14754 /* NLPopularResultsViewController.m in Sources */,
				85F8F42615F95CEF00C14754 /* NSMutableArray+Shuffle.m in Sources */,
				85F8F42915F99EC900C14754 /* UIView+Shadow.m in Sources */,
				85F8F42C15FA99BD00C14754 /* NLVideoPlayerViewController.m in Sources */,
			);
			runOnlyForDeploymentPostprocessing = 0;
		};
/* End PBXSourcesBuildPhase section */

/* Begin PBXVariantGroup section */
		853FEB2015BB8561002A1EB5 /* InfoPlist.strings */ = {
			isa = PBXVariantGroup;
			children = (
				853FEB2115BB8561002A1EB5 /* en */,
			);
			name = InfoPlist.strings;
			sourceTree = "<group>";
		};
/* End PBXVariantGroup section */

/* Begin XCBuildConfiguration section */
		853FEB2F15BB8561002A1EB5 /* Debug */ = {
			isa = XCBuildConfiguration;
			buildSettings = {
				ALWAYS_SEARCH_USER_PATHS = NO;
				ARCHS = "$(ARCHS_STANDARD_32_BIT)";
				CLANG_ENABLE_OBJC_ARC = YES;
				CODE_SIGN_IDENTITY = "iPhone Developer";
				"CODE_SIGN_IDENTITY[sdk=iphoneos*]" = "iPhone Developer";
				COPY_PHASE_STRIP = NO;
				GCC_C_LANGUAGE_STANDARD = gnu99;
				GCC_DYNAMIC_NO_PIC = NO;
				GCC_OPTIMIZATION_LEVEL = 0;
				GCC_PREPROCESSOR_DEFINITIONS = (
					"DEBUG=1",
					"$(inherited)",
				);
				GCC_SYMBOLS_PRIVATE_EXTERN = NO;
				GCC_VERSION = com.apple.compilers.llvm.clang.1_0;
				GCC_WARN_ABOUT_RETURN_TYPE = YES;
				GCC_WARN_UNINITIALIZED_AUTOS = YES;
				GCC_WARN_UNUSED_VARIABLE = YES;
				IPHONEOS_DEPLOYMENT_TARGET = 5.1;
				PROVISIONING_PROFILE = "";
				SDKROOT = iphoneos;
			};
			name = Debug;
		};
		853FEB3015BB8561002A1EB5 /* Release */ = {
			isa = XCBuildConfiguration;
			buildSettings = {
				ALWAYS_SEARCH_USER_PATHS = NO;
				ARCHS = "$(ARCHS_STANDARD_32_BIT)";
				CLANG_ENABLE_OBJC_ARC = YES;
				CODE_SIGN_IDENTITY = "iPhone Distribution: Nicholas Lauer";
				"CODE_SIGN_IDENTITY[sdk=iphoneos*]" = "iPhone Distribution: Nicholas Lauer";
				COPY_PHASE_STRIP = YES;
				GCC_C_LANGUAGE_STANDARD = gnu99;
				GCC_VERSION = com.apple.compilers.llvm.clang.1_0;
				GCC_WARN_ABOUT_RETURN_TYPE = YES;
				GCC_WARN_UNINITIALIZED_AUTOS = YES;
				GCC_WARN_UNUSED_VARIABLE = YES;
				IPHONEOS_DEPLOYMENT_TARGET = 5.1;
				OTHER_CFLAGS = "-DNS_BLOCK_ASSERTIONS=1";
				PROVISIONING_PROFILE = "26A25C6B-C0EE-4430-8768-22544BF047FD";
				"PROVISIONING_PROFILE[sdk=iphoneos*]" = "26A25C6B-C0EE-4430-8768-22544BF047FD";
				SDKROOT = iphoneos;
				VALIDATE_PRODUCT = YES;
			};
			name = Release;
		};
		853FEB3215BB8561002A1EB5 /* Debug */ = {
			isa = XCBuildConfiguration;
			buildSettings = {
				ARCHS = "$(ARCHS_STANDARD_32_BIT)";
				CODE_SIGN_IDENTITY = "iPhone Developer";
				GCC_PRECOMPILE_PREFIX_HEADER = YES;
				GCC_PREFIX_HEADER = "Noctis/Noctis-Prefix.pch";
				INFOPLIST_FILE = "Noctis/Noctis-Info.plist";
				IPHONEOS_DEPLOYMENT_TARGET = 5.0;
				LIBRARY_SEARCH_PATHS = (
					"$(inherited)",
					"\"$(SRCROOT)/facebook-ios-sdk\"",
				);
				PRODUCT_NAME = Playor;
				PROVISIONING_PROFILE = "";
				VALID_ARCHS = "armv7 armv6";
				WRAPPER_EXTENSION = app;
			};
			name = Debug;
		};
		853FEB3315BB8561002A1EB5 /* Release */ = {
			isa = XCBuildConfiguration;
			buildSettings = {
				ARCHS = "$(ARCHS_STANDARD_32_BIT)";
				CODE_SIGN_IDENTITY = "iPhone Distribution: Nicholas Lauer";
				"CODE_SIGN_IDENTITY[sdk=iphoneos*]" = "iPhone Distribution: Nicholas Lauer";
				GCC_PRECOMPILE_PREFIX_HEADER = YES;
				GCC_PREFIX_HEADER = "Noctis/Noctis-Prefix.pch";
				INFOPLIST_FILE = "Noctis/Noctis-Info.plist";
				IPHONEOS_DEPLOYMENT_TARGET = 5.0;
				LIBRARY_SEARCH_PATHS = (
					"$(inherited)",
					"\"$(SRCROOT)/facebook-ios-sdk\"",
				);
				PRODUCT_NAME = Playor;
				PROVISIONING_PROFILE = "26A25C6B-C0EE-4430-8768-22544BF047FD";
				"PROVISIONING_PROFILE[sdk=iphoneos*]" = "26A25C6B-C0EE-4430-8768-22544BF047FD";
				VALIDATE_PRODUCT = YES;
				VALID_ARCHS = "armv7 armv6";
				WRAPPER_EXTENSION = app;
			};
			name = Release;
		};
/* End XCBuildConfiguration section */

/* Begin XCConfigurationList section */
		853FEB0D15BB8560002A1EB5 /* Build configuration list for PBXProject "Noctis" */ = {
			isa = XCConfigurationList;
			buildConfigurations = (
				853FEB2F15BB8561002A1EB5 /* Debug */,
				853FEB3015BB8561002A1EB5 /* Release */,
			);
			defaultConfigurationIsVisible = 0;
			defaultConfigurationName = Release;
		};
		853FEB3115BB8561002A1EB5 /* Build configuration list for PBXNativeTarget "Noctis" */ = {
			isa = XCConfigurationList;
			buildConfigurations = (
				853FEB3215BB8561002A1EB5 /* Debug */,
				853FEB3315BB8561002A1EB5 /* Release */,
			);
			defaultConfigurationIsVisible = 0;
			defaultConfigurationName = Release;
		};
/* End XCConfigurationList section */
	};
	rootObject = 853FEB0A15BB8560002A1EB5 /* Project object */;
}
